// !$*UTF8*$!
{
	archiveVersion = 1;
	classes = {
	};
	objectVersion = 50;
	objects = {

/* Begin PBXBuildFile section */
		EE5CDE6421ECCCBD00B4DC36 /* AppDelegate.swift in Sources */ = {isa = PBXBuildFile; fileRef = EE5CDE6321ECCCBD00B4DC36 /* AppDelegate.swift */; };
		EE5CDE6621ECCCBD00B4DC36 /* ViewController.swift in Sources */ = {isa = PBXBuildFile; fileRef = EE5CDE6521ECCCBD00B4DC36 /* ViewController.swift */; };
		EE5CDE6921ECCCBD00B4DC36 /* Main.storyboard in Resources */ = {isa = PBXBuildFile; fileRef = EE5CDE6721ECCCBD00B4DC36 /* Main.storyboard */; };
		EE5CDE6B21ECCCBE00B4DC36 /* Assets.xcassets in Resources */ = {isa = PBXBuildFile; fileRef = EE5CDE6A21ECCCBE00B4DC36 /* Assets.xcassets */; };
		EE5CDE6E21ECCCBE00B4DC36 /* LaunchScreen.storyboard in Resources */ = {isa = PBXBuildFile; fileRef = EE5CDE6C21ECCCBE00B4DC36 /* LaunchScreen.storyboard */; };
/* End PBXBuildFile section */

/* Begin PBXFileReference section */
		EE5CDE6021ECCCBD00B4DC36 /* stv_project_2.5.2.app */ = {isa = PBXFileReference; explicitFileType = wrapper.application; includeInIndex = 0; path = stv_project_2.5.2.app; sourceTree = BUILT_PRODUCTS_DIR; };
		EE5CDE6321ECCCBD00B4DC36 /* AppDelegate.swift */ = {isa = PBXFileReference; lastKnownFileType = sourcecode.swift; path = AppDelegate.swift; sourceTree = "<group>"; };
		EE5CDE6521ECCCBD00B4DC36 /* ViewController.swift */ = {isa = PBXFileReference; lastKnownFileType = sourcecode.swift; path = ViewController.swift; sourceTree = "<group>"; };
		EE5CDE6821ECCCBD00B4DC36 /* Base */ = {isa = PBXFileReference; lastKnownFileType = file.storyboard; name = Base; path = Base.lproj/Main.storyboard; sourceTree = "<group>"; };
		EE5CDE6A21ECCCBE00B4DC36 /* Assets.xcassets */ = {isa = PBXFileReference; lastKnownFileType = folder.assetcatalog; path = Assets.xcassets; sourceTree = "<group>"; };
		EE5CDE6D21ECCCBE00B4DC36 /* Base */ = {isa = PBXFileReference; lastKnownFileType = file.storyboard; name = Base; path = Base.lproj/LaunchScreen.storyboard; sourceTree = "<group>"; };
		EE5CDE6F21ECCCBE00B4DC36 /* Info.plist */ = {isa = PBXFileReference; lastKnownFileType = text.plist.xml; path = Info.plist; sourceTree = "<group>"; };
/* End PBXFileReference section */

/* Begin PBXFrameworksBuildPhase section */
		EE5CDE5D21ECCCBD00B4DC36 /* Frameworks */ = {
			isa = PBXFrameworksBuildPhase;
			buildActionMask = 2147483647;
			files = (
			);
			runOnlyForDeploymentPostprocessing = 0;
		};
/* End PBXFrameworksBuildPhase section */

/* Begin PBXGroup section */
		EE5CDE5721ECCCBD00B4DC36 = {
			isa = PBXGroup;
			children = (
				EE5CDE6221ECCCBD00B4DC36 /* stv_project_2.5.2 */,
				EE5CDE6121ECCCBD00B4DC36 /* Products */,
			);
			sourceTree = "<group>";
		};
		EE5CDE6121ECCCBD00B4DC36 /* Products */ = {
			isa = PBXGroup;
			children = (
				EE5CDE6021ECCCBD00B4DC36 /* stv_project_2.5.2.app */,
			);
			name = Products;
			sourceTree = "<group>";
		};
		EE5CDE6221ECCCBD00B4DC36 /* stv_project_2.5.2 */ = {
			isa = PBXGroup;
			children = (
				EE5CDE6321ECCCBD00B4DC36 /* AppDelegate.swift */,
				EE5CDE6521ECCCBD00B4DC36 /* ViewController.swift */,
				EE5CDE6721ECCCBD00B4DC36 /* Main.storyboard */,
				EE5CDE6A21ECCCBE00B4DC36 /* Assets.xcassets */,
				EE5CDE6C21ECCCBE00B4DC36 /* LaunchScreen.storyboard */,
				EE5CDE6F21ECCCBE00B4DC36 /* Info.plist */,
			);
			path = stv_project_2.5.2;
			sourceTree = "<group>";
		};
/* End PBXGroup section */

/* Begin PBXNativeTarget section */
		EE5CDE5F21ECCCBD00B4DC36 /* stv_project_2.5.2 */ = {
			isa = PBXNativeTarget;
			buildConfigurationList = EE5CDE7221ECCCBE00B4DC36 /* Build configuration list for PBXNativeTarget "stv_project_2.5.2" */;
			buildPhases = (
				EE5CDE5C21ECCCBD00B4DC36 /* Sources */,
				EE5CDE5D21ECCCBD00B4DC36 /* Frameworks */,
				EE5CDE5E21ECCCBD00B4DC36 /* Resources */,
			);
			buildRules = (
			);
			dependencies = (
			);
			name = stv_project_2.5.2;
			productName = stv_project_2.5.2;
			productReference = EE5CDE6021ECCCBD00B4DC36 /* stv_project_2.5.2.app */;
			productType = "com.apple.product-type.application";
		};
/* End PBXNativeTarget section */

/* Begin PBXProject section */
		EE5CDE5821ECCCBD00B4DC36 /* Project object */ = {
			isa = PBXProject;
			attributes = {
				LastSwiftUpdateCheck = 1010;
				LastUpgradeCheck = 1010;
				ORGANIZATIONNAME = hiroya;
				TargetAttributes = {
					EE5CDE5F21ECCCBD00B4DC36 = {
						CreatedOnToolsVersion = 10.1;
					};
				};
			};
			buildConfigurationList = EE5CDE5B21ECCCBD00B4DC36 /* Build configuration list for PBXProject "stv_project_2.5.2" */;
			compatibilityVersion = "Xcode 9.3";
			developmentRegion = en;
			hasScannedForEncodings = 0;
			knownRegions = (
				en,
				Base,
			);
			mainGroup = EE5CDE5721ECCCBD00B4DC36;
			productRefGroup = EE5CDE6121ECCCBD00B4DC36 /* Products */;
			projectDirPath = "";
			projectRoot = "";
			targets = (
				EE5CDE5F21ECCCBD00B4DC36 /* stv_project_2.5.2 */,
			);
		};
/* End PBXProject section */

/* Begin PBXResourcesBuildPhase section */
		EE5CDE5E21ECCCBD00B4DC36 /* Resources */ = {
			isa = PBXResourcesBuildPhase;
			buildActionMask = 2147483647;
			files = (
				EE5CDE6E21ECCCBE00B4DC36 /* LaunchScreen.storyboard in Resources */,
				EE5CDE6B21ECCCBE00B4DC36 /* Assets.xcassets in Resources */,
				EE5CDE6921ECCCBD00B4DC36 /* Main.storyboard in Resources */,
			);
			runOnlyForDeploymentPostprocessing = 0;
		};
/* End PBXResourcesBuildPhase section */

/* Begin PBXSourcesBuildPhase section */
		EE5CDE5C21ECCCBD00B4DC36 /* Sources */ = {
			isa = PBXSourcesBuildPhase;
			buildActionMask = 2147483647;
			files = (
				EE5CDE6621ECCCBD00B4DC36 /* ViewController.swift in Sources */,
				EE5CDE6421ECCCBD00B4DC36 /* AppDelegate.swift in Sources */,
			);
			runOnlyForDeploymentPostprocessing = 0;
		};
/* End PBXSourcesBuildPhase section */

/* Begin PBXVariantGroup section */
		EE5CDE6721ECCCBD00B4DC36 /* Main.storyboard */ = {
			isa = PBXVariantGroup;
			children = (
				EE5CDE6821ECCCBD00B4DC36 /* Base */,
			);
			name = Main.storyboard;
			sourceTree = "<group>";
		};
		EE5CDE6C21ECCCBE00B4DC36 /* LaunchScreen.storyboard */ = {
			isa = PBXVariantGroup;
			children = (
				EE5CDE6D21ECCCBE00B4DC36 /* Base */,
			);
			name = LaunchScreen.storyboard;
			sourceTree = "<group>";
		};
/* End PBXVariantGroup section */

/* Begin XCBuildConfiguration section */
		EE5CDE7021ECCCBE00B4DC36 /* Debug */ = {
			isa = XCBuildConfiguration;
			buildSettings = {
				ALWAYS_SEARCH_USER_PATHS = NO;
				CLANG_ANALYZER_NONNULL = YES;
				CLANG_ANALYZER_NUMBER_OBJECT_CONVERSION = YES_AGGRESSIVE;
				CLANG_CXX_LANGUAGE_STANDARD = "gnu++14";
				CLANG_CXX_LIBRARY = "libc++";
				CLANG_ENABLE_MODULES = YES;
				CLANG_ENABLE_OBJC_ARC = YES;
				CLANG_ENABLE_OBJC_WEAK = YES;
				CLANG_WARN_BLOCK_CAPTURE_AUTORELEASING = YES;
				CLANG_WARN_BOOL_CONVERSION = YES;
				CLANG_WARN_COMMA = YES;
				CLANG_WARN_CONSTANT_CONVERSION = YES;
				CLANG_WARN_DEPRECATED_OBJC_IMPLEMENTATIONS = YES;
				CLANG_WARN_DIRECT_OBJC_ISA_USAGE = YES_ERROR;
				CLANG_WARN_DOCUMENTATION_COMMENTS = YES;
				CLANG_WARN_EMPTY_BODY = YES;
				CLANG_WARN_ENUM_CONVERSION = YES;
				CLANG_WARN_INFINITE_RECURSION = YES;
				CLANG_WARN_INT_CONVERSION = YES;
				CLANG_WARN_NON_LITERAL_NULL_CONVERSION = YES;
				CLANG_WARN_OBJC_IMPLICIT_RETAIN_SELF = YES;
				CLANG_WARN_OBJC_LITERAL_CONVERSION = YES;
				CLANG_WARN_OBJC_ROOT_CLASS = YES_ERROR;
				CLANG_WARN_RANGE_LOOP_ANALYSIS = YES;
				CLANG_WARN_STRICT_PROTOTYPES = YES;
				CLANG_WARN_SUSPICIOUS_MOVE = YES;
				CLANG_WARN_UNGUARDED_AVAILABILITY = YES_AGGRESSIVE;
				CLANG_WARN_UNREACHABLE_CODE = YES;
				CLANG_WARN__DUPLICATE_METHOD_MATCH = YES;
				CODE_SIGN_IDENTITY = "iPhone Developer";
				COPY_PHASE_STRIP = NO;
				DEBUG_INFORMATION_FORMAT = dwarf;
				ENABLE_STRICT_OBJC_MSGSEND = YES;
				ENABLE_TESTABILITY = YES;
				GCC_C_LANGUAGE_STANDARD = gnu11;
				GCC_DYNAMIC_NO_PIC = NO;
				GCC_NO_COMMON_BLOCKS = YES;
				GCC_OPTIMIZATION_LEVEL = 0;
				GCC_PREPROCESSOR_DEFINITIONS = (
					"DEBUG=1",
					"$(inherited)",
				);
				GCC_WARN_64_TO_32_BIT_CONVERSION = YES;
				GCC_WARN_ABOUT_RETURN_TYPE = YES_ERROR;
				GCC_WARN_UNDECLARED_SELECTOR = YES;
				GCC_WARN_UNINITIALIZED_AUTOS = YES_AGGRESSIVE;
				GCC_WARN_UNUSED_FUNCTION = YES;
				GCC_WARN_UNUSED_VARIABLE = YES;
				IPHONEOS_DEPLOYMENT_TARGET = 12.1;
				MTL_ENABLE_DEBUG_INFO = INCLUDE_SOURCE;
				MTL_FAST_MATH = YES;
				ONLY_ACTIVE_ARCH = YES;
				SDKROOT = iphoneos;
				SWIFT_ACTIVE_COMPILATION_CONDITIONS = DEBUG;
				SWIFT_OPTIMIZATION_LEVEL = "-Onone";
			};
			name = Debug;
		};
		EE5CDE7121ECCCBE00B4DC36 /* Release */ = {
			isa = XCBuildConfiguration;
			buildSettings = {
				ALWAYS_SEARCH_USER_PATHS = NO;
				CLANG_ANALYZER_NONNULL = YES;
				CLANG_ANALYZER_NUMBER_OBJECT_CONVERSION = YES_AGGRESSIVE;
				CLANG_CXX_LANGUAGE_STANDARD = "gnu++14";
				CLANG_CXX_LIBRARY = "libc++";
				CLANG_ENABLE_MODULES = YES;
				CLANG_ENABLE_OBJC_ARC = YES;
				CLANG_ENABLE_OBJC_WEAK = YES;
				CLANG_WARN_BLOCK_CAPTURE_AUTORELEASING = YES;
				CLANG_WARN_BOOL_CONVERSION = YES;
				CLANG_WARN_COMMA = YES;
				CLANG_WARN_CONSTANT_CONVERSION = YES;
				CLANG_WARN_DEPRECATED_OBJC_IMPLEMENTATIONS = YES;
				CLANG_WARN_DIRECT_OBJC_ISA_USAGE = YES_ERROR;
				CLANG_WARN_DOCUMENTATION_COMMENTS = YES;
				CLANG_WARN_EMPTY_BODY = YES;
				CLANG_WARN_ENUM_CONVERSION = YES;
				CLANG_WARN_INFINITE_RECURSION = YES;
				CLANG_WARN_INT_CONVERSION = YES;
				CLANG_WARN_NON_LITERAL_NULL_CONVERSION = YES;
				CLANG_WARN_OBJC_IMPLICIT_RETAIN_SELF = YES;
				CLANG_WARN_OBJC_LITERAL_CONVERSION = YES;
				CLANG_WARN_OBJC_ROOT_CLASS = YES_ERROR;
				CLANG_WARN_RANGE_LOOP_ANALYSIS = YES;
				CLANG_WARN_STRICT_PROTOTYPES = YES;
				CLANG_WARN_SUSPICIOUS_MOVE = YES;
				CLANG_WARN_UNGUARDED_AVAILABILITY = YES_AGGRESSIVE;
				CLANG_WARN_UNREACHABLE_CODE = YES;
				CLANG_WARN__DUPLICATE_METHOD_MATCH = YES;
				CODE_SIGN_IDENTITY = "iPhone Developer";
				COPY_PHASE_STRIP = NO;
				DEBUG_INFORMATION_FORMAT = "dwarf-with-dsym";
				ENABLE_NS_ASSERTIONS = NO;
				ENABLE_STRICT_OBJC_MSGSEND = YES;
				GCC_C_LANGUAGE_STANDARD = gnu11;
				GCC_NO_COMMON_BLOCKS = YES;
				GCC_WARN_64_TO_32_BIT_CONVERSION = YES;
				GCC_WARN_ABOUT_RETURN_TYPE = YES_ERROR;
				GCC_WARN_UNDECLARED_SELECTOR = YES;
				GCC_WARN_UNINITIALIZED_AUTOS = YES_AGGRESSIVE;
				GCC_WARN_UNUSED_FUNCTION = YES;
				GCC_WARN_UNUSED_VARIABLE = YES;
				IPHONEOS_DEPLOYMENT_TARGET = 12.1;
				MTL_ENABLE_DEBUG_INFO = NO;
				MTL_FAST_MATH = YES;
				SDKROOT = iphoneos;
				SWIFT_COMPILATION_MODE = wholemodule;
				SWIFT_OPTIMIZATION_LEVEL = "-O";
				VALIDATE_PRODUCT = YES;
			};
			name = Release;
		};
		EE5CDE7321ECCCBE00B4DC36 /* Debug */ = {
			isa = XCBuildConfiguration;
			buildSettings = {
				ASSETCATALOG_COMPILER_APPICON_NAME = AppIcon;
				CODE_SIGN_STYLE = Automatic;
				DEVELOPMENT_TEAM = 3HNBAS9RU7;
				INFOPLIST_FILE = stv_project_2.5.2/Info.plist;
				LD_RUNPATH_SEARCH_PATHS = (
					"$(inherited)",
					"@executable_path/Frameworks",
				);
				PRODUCT_BUNDLE_IDENTIFIER = "com.ayoih.stv-project-2-5-2";
				PRODUCT_NAME = "$(TARGET_NAME)";
				SWIFT_VERSION = 4.2;
				TARGETED_DEVICE_FAMILY = "1,2";
			};
			name = Debug;
		};
		EE5CDE7421ECCCBE00B4DC36 /* Release */ = {
			isa = XCBuildConfiguration;
			buildSettings = {
				ASSETCATALOG_COMPILER_APPICON_NAME = AppIcon;
				CODE_SIGN_STYLE = Automatic;
				DEVELOPMENT_TEAM = 3HNBAS9RU7;
				INFOPLIST_FILE = stv_project_2.5.2/Info.plist;
				LD_RUNPATH_SEARCH_PATHS = (
					"$(inherited)",
					"@executable_path/Frameworks",
				);
				PRODUCT_BUNDLE_IDENTIFIER = "com.ayoih.stv-project-2-5-2";
				PRODUCT_NAME = "$(TARGET_NAME)";
				SWIFT_VERSION = 4.2;
				TARGETED_DEVICE_FAMILY = "1,2";
			};
			name = Release;
		};
/* End XCBuildConfiguration section */

/* Begin XCConfigurationList section */
		EE5CDE5B21ECCCBD00B4DC36 /* Build configuration list for PBXProject "stv_project_2.5.2" */ = {
			isa = XCConfigurationList;
			buildConfigurations = (
				EE5CDE7021ECCCBE00B4DC36 /* Debug */,
				EE5CDE7121ECCCBE00B4DC36 /* Release */,
			);
			defaultConfigurationIsVisible = 0;
			defaultConfigurationName = Release;
		};
		EE5CDE7221ECCCBE00B4DC36 /* Build configuration list for PBXNativeTarget "stv_project_2.5.2" */ = {
			isa = XCConfigurationList;
			buildConfigurations = (
				EE5CDE7321ECCCBE00B4DC36 /* Debug */,
				EE5CDE7421ECCCBE00B4DC36 /* Release */,
			);
			defaultConfigurationIsVisible = 0;
			defaultConfigurationName = Release;
		};
/* End XCConfigurationList section */
	};
	rootObject = EE5CDE5821ECCCBD00B4DC36 /* Project object */;
}
