// !$*UTF8*$!
{
	archiveVersion = 1;
	classes = {
	};
	objectVersion = 50;
	objects = {

/* Begin PBXBuildFile section */
		EEF6147521CCB3DA003F9690 /* AppDelegate.swift in Sources */ = {isa = PBXBuildFile; fileRef = EEF6147421CCB3DA003F9690 /* AppDelegate.swift */; };
		EEF6147721CCB3DA003F9690 /* ViewController.swift in Sources */ = {isa = PBXBuildFile; fileRef = EEF6147621CCB3DA003F9690 /* ViewController.swift */; };
		EEF6147A21CCB3DA003F9690 /* Main.storyboard in Resources */ = {isa = PBXBuildFile; fileRef = EEF6147821CCB3DA003F9690 /* Main.storyboard */; };
		EEF6147C21CCB3DB003F9690 /* Assets.xcassets in Resources */ = {isa = PBXBuildFile; fileRef = EEF6147B21CCB3DB003F9690 /* Assets.xcassets */; };
		EEF6147F21CCB3DB003F9690 /* LaunchScreen.storyboard in Resources */ = {isa = PBXBuildFile; fileRef = EEF6147D21CCB3DB003F9690 /* LaunchScreen.storyboard */; };
		EEF6148721CCB3FC003F9690 /* .swiftlint.yml in Resources */ = {isa = PBXBuildFile; fileRef = EEF6148621CCB3FC003F9690 /* .swiftlint.yml */; };
		EEF6148B21CCB4AC003F9690 /* Localizable.strings in Resources */ = {isa = PBXBuildFile; fileRef = EEF6148D21CCB4AC003F9690 /* Localizable.strings */; };
/* End PBXBuildFile section */

/* Begin PBXFileReference section */
		EEF6147121CCB3DA003F9690 /* stv_project_2.1.1.app */ = {isa = PBXFileReference; explicitFileType = wrapper.application; includeInIndex = 0; path = stv_project_2.1.1.app; sourceTree = BUILT_PRODUCTS_DIR; };
		EEF6147421CCB3DA003F9690 /* AppDelegate.swift */ = {isa = PBXFileReference; lastKnownFileType = sourcecode.swift; path = AppDelegate.swift; sourceTree = "<group>"; };
		EEF6147621CCB3DA003F9690 /* ViewController.swift */ = {isa = PBXFileReference; lastKnownFileType = sourcecode.swift; path = ViewController.swift; sourceTree = "<group>"; };
		EEF6147921CCB3DA003F9690 /* Base */ = {isa = PBXFileReference; lastKnownFileType = file.storyboard; name = Base; path = Base.lproj/Main.storyboard; sourceTree = "<group>"; };
		EEF6147B21CCB3DB003F9690 /* Assets.xcassets */ = {isa = PBXFileReference; lastKnownFileType = folder.assetcatalog; path = Assets.xcassets; sourceTree = "<group>"; };
		EEF6147E21CCB3DB003F9690 /* Base */ = {isa = PBXFileReference; lastKnownFileType = file.storyboard; name = Base; path = Base.lproj/LaunchScreen.storyboard; sourceTree = "<group>"; };
		EEF6148021CCB3DB003F9690 /* Info.plist */ = {isa = PBXFileReference; lastKnownFileType = text.plist.xml; path = Info.plist; sourceTree = "<group>"; };
		EEF6148621CCB3FC003F9690 /* .swiftlint.yml */ = {isa = PBXFileReference; fileEncoding = 4; lastKnownFileType = text; path = .swiftlint.yml; sourceTree = "<group>"; };
		EEF6148C21CCB4AC003F9690 /* en */ = {isa = PBXFileReference; lastKnownFileType = text.plist.strings; name = en; path = en.lproj/Localizable.strings; sourceTree = "<group>"; };
		EEF6148E21CCB4FE003F9690 /* ja */ = {isa = PBXFileReference; lastKnownFileType = text.plist.strings; name = ja; path = ja.lproj/Localizable.strings; sourceTree = "<group>"; };
/* End PBXFileReference section */

/* Begin PBXFrameworksBuildPhase section */
		EEF6146E21CCB3DA003F9690 /* Frameworks */ = {
			isa = PBXFrameworksBuildPhase;
			buildActionMask = 2147483647;
			files = (
			);
			runOnlyForDeploymentPostprocessing = 0;
		};
/* End PBXFrameworksBuildPhase section */

/* Begin PBXGroup section */
		EEF6146821CCB3DA003F9690 = {
			isa = PBXGroup;
			children = (
				EEF6148621CCB3FC003F9690 /* .swiftlint.yml */,
				EEF6147321CCB3DA003F9690 /* stv_project_2.1.1 */,
				EEF6147221CCB3DA003F9690 /* Products */,
			);
			sourceTree = "<group>";
		};
		EEF6147221CCB3DA003F9690 /* Products */ = {
			isa = PBXGroup;
			children = (
				EEF6147121CCB3DA003F9690 /* stv_project_2.1.1.app */,
			);
			name = Products;
			sourceTree = "<group>";
		};
		EEF6147321CCB3DA003F9690 /* stv_project_2.1.1 */ = {
			isa = PBXGroup;
			children = (
				EEF6147421CCB3DA003F9690 /* AppDelegate.swift */,
				EEF6147621CCB3DA003F9690 /* ViewController.swift */,
				EEF6148D21CCB4AC003F9690 /* Localizable.strings */,
				EEF6147821CCB3DA003F9690 /* Main.storyboard */,
				EEF6147B21CCB3DB003F9690 /* Assets.xcassets */,
				EEF6147D21CCB3DB003F9690 /* LaunchScreen.storyboard */,
				EEF6148021CCB3DB003F9690 /* Info.plist */,
			);
			path = stv_project_2.1.1;
			sourceTree = "<group>";
		};
/* End PBXGroup section */

/* Begin PBXNativeTarget section */
		EEF6147021CCB3DA003F9690 /* stv_project_2.1.1 */ = {
			isa = PBXNativeTarget;
			buildConfigurationList = EEF6148321CCB3DB003F9690 /* Build configuration list for PBXNativeTarget "stv_project_2.1.1" */;
			buildPhases = (
				EEF6146D21CCB3DA003F9690 /* Sources */,
				EEF6146E21CCB3DA003F9690 /* Frameworks */,
				EEF6146F21CCB3DA003F9690 /* Resources */,
				EEF6148821CCB412003F9690 /* ShellScript */,
			);
			buildRules = (
			);
			dependencies = (
			);
			name = stv_project_2.1.1;
			productName = stv_project_2.1.1;
			productReference = EEF6147121CCB3DA003F9690 /* stv_project_2.1.1.app */;
			productType = "com.apple.product-type.application";
		};
/* End PBXNativeTarget section */

/* Begin PBXProject section */
		EEF6146921CCB3DA003F9690 /* Project object */ = {
			isa = PBXProject;
			attributes = {
				LastSwiftUpdateCheck = 1010;
				LastUpgradeCheck = 1010;
				ORGANIZATIONNAME = hiroya;
				TargetAttributes = {
					EEF6147021CCB3DA003F9690 = {
						CreatedOnToolsVersion = 10.1;
					};
				};
			};
			buildConfigurationList = EEF6146C21CCB3DA003F9690 /* Build configuration list for PBXProject "stv_project_2.1.1" */;
			compatibilityVersion = "Xcode 9.3";
			developmentRegion = en;
			hasScannedForEncodings = 0;
			knownRegions = (
				en,
				Base,
				ja,
			);
			mainGroup = EEF6146821CCB3DA003F9690;
			productRefGroup = EEF6147221CCB3DA003F9690 /* Products */;
			projectDirPath = "";
			projectRoot = "";
			targets = (
				EEF6147021CCB3DA003F9690 /* stv_project_2.1.1 */,
			);
		};
/* End PBXProject section */

/* Begin PBXResourcesBuildPhase section */
		EEF6146F21CCB3DA003F9690 /* Resources */ = {
			isa = PBXResourcesBuildPhase;
			buildActionMask = 2147483647;
			files = (
				EEF6148B21CCB4AC003F9690 /* Localizable.strings in Resources */,
				EEF6148721CCB3FC003F9690 /* .swiftlint.yml in Resources */,
				EEF6147F21CCB3DB003F9690 /* LaunchScreen.storyboard in Resources */,
				EEF6147C21CCB3DB003F9690 /* Assets.xcassets in Resources */,
				EEF6147A21CCB3DA003F9690 /* Main.storyboard in Resources */,
			);
			runOnlyForDeploymentPostprocessing = 0;
		};
/* End PBXResourcesBuildPhase section */

/* Begin PBXShellScriptBuildPhase section */
		EEF6148821CCB412003F9690 /* ShellScript */ = {
			isa = PBXShellScriptBuildPhase;
			buildActionMask = 2147483647;
			files = (
			);
			inputFileListPaths = (
			);
			inputPaths = (
			);
			outputFileListPaths = (
			);
			outputPaths = (
			);
			runOnlyForDeploymentPostprocessing = 0;
			shellPath = /bin/sh;
			shellScript = "if which swiftlint >/dev/null; then\nswiftlint\nelse\necho \"SwiftLint does not exist, download from https://github.com/realm/SwiftLint\"\nfi\n";
		};
/* End PBXShellScriptBuildPhase section */

/* Begin PBXSourcesBuildPhase section */
		EEF6146D21CCB3DA003F9690 /* Sources */ = {
			isa = PBXSourcesBuildPhase;
			buildActionMask = 2147483647;
			files = (
				EEF6147721CCB3DA003F9690 /* ViewController.swift in Sources */,
				EEF6147521CCB3DA003F9690 /* AppDelegate.swift in Sources */,
			);
			runOnlyForDeploymentPostprocessing = 0;
		};
/* End PBXSourcesBuildPhase section */

/* Begin PBXVariantGroup section */
		EEF6147821CCB3DA003F9690 /* Main.storyboard */ = {
			isa = PBXVariantGroup;
			children = (
				EEF6147921CCB3DA003F9690 /* Base */,
			);
			name = Main.storyboard;
			sourceTree = "<group>";
		};
		EEF6147D21CCB3DB003F9690 /* LaunchScreen.storyboard */ = {
			isa = PBXVariantGroup;
			children = (
				EEF6147E21CCB3DB003F9690 /* Base */,
			);
			name = LaunchScreen.storyboard;
			sourceTree = "<group>";
		};
		EEF6148D21CCB4AC003F9690 /* Localizable.strings */ = {
			isa = PBXVariantGroup;
			children = (
				EEF6148C21CCB4AC003F9690 /* en */,
				EEF6148E21CCB4FE003F9690 /* ja */,
			);
			name = Localizable.strings;
			sourceTree = "<group>";
		};
/* End PBXVariantGroup section */

/* Begin XCBuildConfiguration section */
		EEF6148121CCB3DB003F9690 /* Debug */ = {
			isa = XCBuildConfiguration;
			buildSettings = {
				ALWAYS_SEARCH_USER_PATHS = NO;
				CLANG_ANALYZER_LOCALIZABILITY_NONLOCALIZED = YES;
				CLANG_ANALYZER_NONNULL = YES;
				CLANG_ANALYZER_NUMBER_OBJECT_CONVERSION = YES_AGGRESSIVE;
				CLANG_CXX_LANGUAGE_STANDARD = "gnu++14";
				CLANG_CXX_LIBRARY = "libc++";
				CLANG_ENABLE_MODULES = YES;
				CLANG_ENABLE_OBJC_ARC = YES;
				CLANG_ENABLE_OBJC_WEAK = YES;
				CLANG_WARN_BLOCK_CAPTURE_AUTORELEASING = YES;
				CLANG_WARN_BOOL_CONVERSION = YES;
				CLANG_WARN_COMMA = YES;
				CLANG_WARN_CONSTANT_CONVERSION = YES;
				CLANG_WARN_DEPRECATED_OBJC_IMPLEMENTATIONS = YES;
				CLANG_WARN_DIRECT_OBJC_ISA_USAGE = YES_ERROR;
				CLANG_WARN_DOCUMENTATION_COMMENTS = YES;
				CLANG_WARN_EMPTY_BODY = YES;
				CLANG_WARN_ENUM_CONVERSION = YES;
				CLANG_WARN_INFINITE_RECURSION = YES;
				CLANG_WARN_INT_CONVERSION = YES;
				CLANG_WARN_NON_LITERAL_NULL_CONVERSION = YES;
				CLANG_WARN_OBJC_IMPLICIT_RETAIN_SELF = YES;
				CLANG_WARN_OBJC_LITERAL_CONVERSION = YES;
				CLANG_WARN_OBJC_ROOT_CLASS = YES_ERROR;
				CLANG_WARN_RANGE_LOOP_ANALYSIS = YES;
				CLANG_WARN_STRICT_PROTOTYPES = YES;
				CLANG_WARN_SUSPICIOUS_MOVE = YES;
				CLANG_WARN_UNGUARDED_AVAILABILITY = YES_AGGRESSIVE;
				CLANG_WARN_UNREACHABLE_CODE = YES;
				CLANG_WARN__DUPLICATE_METHOD_MATCH = YES;
				CODE_SIGN_IDENTITY = "iPhone Developer";
				COPY_PHASE_STRIP = NO;
				DEBUG_INFORMATION_FORMAT = dwarf;
				ENABLE_STRICT_OBJC_MSGSEND = YES;
				ENABLE_TESTABILITY = YES;
				GCC_C_LANGUAGE_STANDARD = gnu11;
				GCC_DYNAMIC_NO_PIC = NO;
				GCC_NO_COMMON_BLOCKS = YES;
				GCC_OPTIMIZATION_LEVEL = 0;
				GCC_PREPROCESSOR_DEFINITIONS = (
					"DEBUG=1",
					"$(inherited)",
				);
				GCC_WARN_64_TO_32_BIT_CONVERSION = YES;
				GCC_WARN_ABOUT_RETURN_TYPE = YES_ERROR;
				GCC_WARN_UNDECLARED_SELECTOR = YES;
				GCC_WARN_UNINITIALIZED_AUTOS = YES_AGGRESSIVE;
				GCC_WARN_UNUSED_FUNCTION = YES;
				GCC_WARN_UNUSED_VARIABLE = YES;
				IPHONEOS_DEPLOYMENT_TARGET = 12.1;
				MTL_ENABLE_DEBUG_INFO = INCLUDE_SOURCE;
				MTL_FAST_MATH = YES;
				ONLY_ACTIVE_ARCH = YES;
				SDKROOT = iphoneos;
				SWIFT_ACTIVE_COMPILATION_CONDITIONS = DEBUG;
				SWIFT_OPTIMIZATION_LEVEL = "-Onone";
			};
			name = Debug;
		};
		EEF6148221CCB3DB003F9690 /* Release */ = {
			isa = XCBuildConfiguration;
			buildSettings = {
				ALWAYS_SEARCH_USER_PATHS = NO;
				CLANG_ANALYZER_LOCALIZABILITY_NONLOCALIZED = YES;
				CLANG_ANALYZER_NONNULL = YES;
				CLANG_ANALYZER_NUMBER_OBJECT_CONVERSION = YES_AGGRESSIVE;
				CLANG_CXX_LANGUAGE_STANDARD = "gnu++14";
				CLANG_CXX_LIBRARY = "libc++";
				CLANG_ENABLE_MODULES = YES;
				CLANG_ENABLE_OBJC_ARC = YES;
				CLANG_ENABLE_OBJC_WEAK = YES;
				CLANG_WARN_BLOCK_CAPTURE_AUTORELEASING = YES;
				CLANG_WARN_BOOL_CONVERSION = YES;
				CLANG_WARN_COMMA = YES;
				CLANG_WARN_CONSTANT_CONVERSION = YES;
				CLANG_WARN_DEPRECATED_OBJC_IMPLEMENTATIONS = YES;
				CLANG_WARN_DIRECT_OBJC_ISA_USAGE = YES_ERROR;
				CLANG_WARN_DOCUMENTATION_COMMENTS = YES;
				CLANG_WARN_EMPTY_BODY = YES;
				CLANG_WARN_ENUM_CONVERSION = YES;
				CLANG_WARN_INFINITE_RECURSION = YES;
				CLANG_WARN_INT_CONVERSION = YES;
				CLANG_WARN_NON_LITERAL_NULL_CONVERSION = YES;
				CLANG_WARN_OBJC_IMPLICIT_RETAIN_SELF = YES;
				CLANG_WARN_OBJC_LITERAL_CONVERSION = YES;
				CLANG_WARN_OBJC_ROOT_CLASS = YES_ERROR;
				CLANG_WARN_RANGE_LOOP_ANALYSIS = YES;
				CLANG_WARN_STRICT_PROTOTYPES = YES;
				CLANG_WARN_SUSPICIOUS_MOVE = YES;
				CLANG_WARN_UNGUARDED_AVAILABILITY = YES_AGGRESSIVE;
				CLANG_WARN_UNREACHABLE_CODE = YES;
				CLANG_WARN__DUPLICATE_METHOD_MATCH = YES;
				CODE_SIGN_IDENTITY = "iPhone Developer";
				COPY_PHASE_STRIP = NO;
				DEBUG_INFORMATION_FORMAT = "dwarf-with-dsym";
				ENABLE_NS_ASSERTIONS = NO;
				ENABLE_STRICT_OBJC_MSGSEND = YES;
				GCC_C_LANGUAGE_STANDARD = gnu11;
				GCC_NO_COMMON_BLOCKS = YES;
				GCC_WARN_64_TO_32_BIT_CONVERSION = YES;
				GCC_WARN_ABOUT_RETURN_TYPE = YES_ERROR;
				GCC_WARN_UNDECLARED_SELECTOR = YES;
				GCC_WARN_UNINITIALIZED_AUTOS = YES_AGGRESSIVE;
				GCC_WARN_UNUSED_FUNCTION = YES;
				GCC_WARN_UNUSED_VARIABLE = YES;
				IPHONEOS_DEPLOYMENT_TARGET = 12.1;
				MTL_ENABLE_DEBUG_INFO = NO;
				MTL_FAST_MATH = YES;
				SDKROOT = iphoneos;
				SWIFT_COMPILATION_MODE = wholemodule;
				SWIFT_OPTIMIZATION_LEVEL = "-O";
				VALIDATE_PRODUCT = YES;
			};
			name = Release;
		};
		EEF6148421CCB3DB003F9690 /* Debug */ = {
			isa = XCBuildConfiguration;
			buildSettings = {
				ASSETCATALOG_COMPILER_APPICON_NAME = AppIcon;
				CODE_SIGN_STYLE = Automatic;
				DEVELOPMENT_TEAM = 3HNBAS9RU7;
				INFOPLIST_FILE = stv_project_2.1.1/Info.plist;
				LD_RUNPATH_SEARCH_PATHS = (
					"$(inherited)",
					"@executable_path/Frameworks",
				);
				PRODUCT_BUNDLE_IDENTIFIER = "com.ayoih.stv-project-2-1-1";
				PRODUCT_NAME = "$(TARGET_NAME)";
				SWIFT_VERSION = 4.2;
				TARGETED_DEVICE_FAMILY = "1,2";
			};
			name = Debug;
		};
		EEF6148521CCB3DB003F9690 /* Release */ = {
			isa = XCBuildConfiguration;
			buildSettings = {
				ASSETCATALOG_COMPILER_APPICON_NAME = AppIcon;
				CODE_SIGN_STYLE = Automatic;
				DEVELOPMENT_TEAM = 3HNBAS9RU7;
				INFOPLIST_FILE = stv_project_2.1.1/Info.plist;
				LD_RUNPATH_SEARCH_PATHS = (
					"$(inherited)",
					"@executable_path/Frameworks",
				);
				PRODUCT_BUNDLE_IDENTIFIER = "com.ayoih.stv-project-2-1-1";
				PRODUCT_NAME = "$(TARGET_NAME)";
				SWIFT_VERSION = 4.2;
				TARGETED_DEVICE_FAMILY = "1,2";
			};
			name = Release;
		};
/* End XCBuildConfiguration section */

/* Begin XCConfigurationList section */
		EEF6146C21CCB3DA003F9690 /* Build configuration list for PBXProject "stv_project_2.1.1" */ = {
			isa = XCConfigurationList;
			buildConfigurations = (
				EEF6148121CCB3DB003F9690 /* Debug */,
				EEF6148221CCB3DB003F9690 /* Release */,
			);
			defaultConfigurationIsVisible = 0;
			defaultConfigurationName = Release;
		};
		EEF6148321CCB3DB003F9690 /* Build configuration list for PBXNativeTarget "stv_project_2.1.1" */ = {
			isa = XCConfigurationList;
			buildConfigurations = (
				EEF6148421CCB3DB003F9690 /* Debug */,
				EEF6148521CCB3DB003F9690 /* Release */,
			);
			defaultConfigurationIsVisible = 0;
			defaultConfigurationName = Release;
		};
/* End XCConfigurationList section */
	};
	rootObject = EEF6146921CCB3DA003F9690 /* Project object */;
}
