// !$*UTF8*$!
{
	archiveVersion = 1;
	classes = {
	};
	objectVersion = 50;
	objects = {

/* Begin PBXBuildFile section */
		EE6C4AF521C5043D00A91353 /* AppDelegate.swift in Sources */ = {isa = PBXBuildFile; fileRef = EE6C4AF421C5043D00A91353 /* AppDelegate.swift */; };
		EE6C4AF721C5043D00A91353 /* ViewController.swift in Sources */ = {isa = PBXBuildFile; fileRef = EE6C4AF621C5043D00A91353 /* ViewController.swift */; };
		EE6C4AFA21C5043D00A91353 /* Main.storyboard in Resources */ = {isa = PBXBuildFile; fileRef = EE6C4AF821C5043D00A91353 /* Main.storyboard */; };
		EE6C4AFC21C5043D00A91353 /* Assets.xcassets in Resources */ = {isa = PBXBuildFile; fileRef = EE6C4AFB21C5043D00A91353 /* Assets.xcassets */; };
		EE6C4AFF21C5043D00A91353 /* LaunchScreen.storyboard in Resources */ = {isa = PBXBuildFile; fileRef = EE6C4AFD21C5043D00A91353 /* LaunchScreen.storyboard */; };
		EEF6143221CBD5FA003F9690 /* .swiftlint.yml in Resources */ = {isa = PBXBuildFile; fileRef = EEF6143121CBD5FA003F9690 /* .swiftlint.yml */; };
/* End PBXBuildFile section */

/* Begin PBXFileReference section */
		EE6C4AF121C5043C00A91353 /* stv_project_1.1.2.app */ = {isa = PBXFileReference; explicitFileType = wrapper.application; includeInIndex = 0; path = stv_project_1.1.2.app; sourceTree = BUILT_PRODUCTS_DIR; };
		EE6C4AF421C5043D00A91353 /* AppDelegate.swift */ = {isa = PBXFileReference; lastKnownFileType = sourcecode.swift; path = AppDelegate.swift; sourceTree = "<group>"; };
		EE6C4AF621C5043D00A91353 /* ViewController.swift */ = {isa = PBXFileReference; lastKnownFileType = sourcecode.swift; path = ViewController.swift; sourceTree = "<group>"; };
		EE6C4AF921C5043D00A91353 /* Base */ = {isa = PBXFileReference; lastKnownFileType = file.storyboard; name = Base; path = Base.lproj/Main.storyboard; sourceTree = "<group>"; };
		EE6C4AFB21C5043D00A91353 /* Assets.xcassets */ = {isa = PBXFileReference; lastKnownFileType = folder.assetcatalog; path = Assets.xcassets; sourceTree = "<group>"; };
		EE6C4AFE21C5043D00A91353 /* Base */ = {isa = PBXFileReference; lastKnownFileType = file.storyboard; name = Base; path = Base.lproj/LaunchScreen.storyboard; sourceTree = "<group>"; };
		EE6C4B0021C5043D00A91353 /* Info.plist */ = {isa = PBXFileReference; lastKnownFileType = text.plist.xml; path = Info.plist; sourceTree = "<group>"; };
		EEF6143121CBD5FA003F9690 /* .swiftlint.yml */ = {isa = PBXFileReference; fileEncoding = 4; lastKnownFileType = text; path = .swiftlint.yml; sourceTree = "<group>"; };
/* End PBXFileReference section */

/* Begin PBXFrameworksBuildPhase section */
		EE6C4AEE21C5043C00A91353 /* Frameworks */ = {
			isa = PBXFrameworksBuildPhase;
			buildActionMask = 2147483647;
			files = (
			);
			runOnlyForDeploymentPostprocessing = 0;
		};
/* End PBXFrameworksBuildPhase section */

/* Begin PBXGroup section */
		EE6C4AE821C5043C00A91353 = {
			isa = PBXGroup;
			children = (
				EEF6143121CBD5FA003F9690 /* .swiftlint.yml */,
				EE6C4AF321C5043C00A91353 /* stv_project_1.1.2 */,
				EE6C4AF221C5043C00A91353 /* Products */,
			);
			sourceTree = "<group>";
		};
		EE6C4AF221C5043C00A91353 /* Products */ = {
			isa = PBXGroup;
			children = (
				EE6C4AF121C5043C00A91353 /* stv_project_1.1.2.app */,
			);
			name = Products;
			sourceTree = "<group>";
		};
		EE6C4AF321C5043C00A91353 /* stv_project_1.1.2 */ = {
			isa = PBXGroup;
			children = (
				EE6C4AF421C5043D00A91353 /* AppDelegate.swift */,
				EE6C4AF621C5043D00A91353 /* ViewController.swift */,
				EE6C4AF821C5043D00A91353 /* Main.storyboard */,
				EE6C4AFB21C5043D00A91353 /* Assets.xcassets */,
				EE6C4AFD21C5043D00A91353 /* LaunchScreen.storyboard */,
				EE6C4B0021C5043D00A91353 /* Info.plist */,
			);
			path = stv_project_1.1.2;
			sourceTree = "<group>";
		};
/* End PBXGroup section */

/* Begin PBXNativeTarget section */
		EE6C4AF021C5043C00A91353 /* stv_project_1.1.2 */ = {
			isa = PBXNativeTarget;
			buildConfigurationList = EE6C4B0321C5043D00A91353 /* Build configuration list for PBXNativeTarget "stv_project_1.1.2" */;
			buildPhases = (
				EE6C4AED21C5043C00A91353 /* Sources */,
				EE6C4AEE21C5043C00A91353 /* Frameworks */,
				EE6C4AEF21C5043C00A91353 /* Resources */,
				EEF6143321CBD60F003F9690 /* Run Script */,
			);
			buildRules = (
			);
			dependencies = (
			);
			name = stv_project_1.1.2;
			productName = stv_project_1.1.2;
			productReference = EE6C4AF121C5043C00A91353 /* stv_project_1.1.2.app */;
			productType = "com.apple.product-type.application";
		};
/* End PBXNativeTarget section */

/* Begin PBXProject section */
		EE6C4AE921C5043C00A91353 /* Project object */ = {
			isa = PBXProject;
			attributes = {
				LastSwiftUpdateCheck = 1010;
				LastUpgradeCheck = 1010;
				ORGANIZATIONNAME = hiroya;
				TargetAttributes = {
					EE6C4AF021C5043C00A91353 = {
						CreatedOnToolsVersion = 10.1;
					};
				};
			};
			buildConfigurationList = EE6C4AEC21C5043C00A91353 /* Build configuration list for PBXProject "stv_project_1.1.2" */;
			compatibilityVersion = "Xcode 9.3";
			developmentRegion = en;
			hasScannedForEncodings = 0;
			knownRegions = (
				en,
				Base,
			);
			mainGroup = EE6C4AE821C5043C00A91353;
			productRefGroup = EE6C4AF221C5043C00A91353 /* Products */;
			projectDirPath = "";
			projectRoot = "";
			targets = (
				EE6C4AF021C5043C00A91353 /* stv_project_1.1.2 */,
			);
		};
/* End PBXProject section */

/* Begin PBXResourcesBuildPhase section */
		EE6C4AEF21C5043C00A91353 /* Resources */ = {
			isa = PBXResourcesBuildPhase;
			buildActionMask = 2147483647;
			files = (
				EEF6143221CBD5FA003F9690 /* .swiftlint.yml in Resources */,
				EE6C4AFF21C5043D00A91353 /* LaunchScreen.storyboard in Resources */,
				EE6C4AFC21C5043D00A91353 /* Assets.xcassets in Resources */,
				EE6C4AFA21C5043D00A91353 /* Main.storyboard in Resources */,
			);
			runOnlyForDeploymentPostprocessing = 0;
		};
/* End PBXResourcesBuildPhase section */

/* Begin PBXShellScriptBuildPhase section */
		EEF6143321CBD60F003F9690 /* Run Script */ = {
			isa = PBXShellScriptBuildPhase;
			buildActionMask = 2147483647;
			files = (
			);
			inputFileListPaths = (
			);
			inputPaths = (
			);
			name = "Run Script";
			outputFileListPaths = (
			);
			outputPaths = (
			);
			runOnlyForDeploymentPostprocessing = 0;
			shellPath = /bin/sh;
			shellScript = "if which swiftlint >/dev/null; then\nswiftlint\nelse\necho \"SwiftLint does not exist, download from https://github.com/realm/SwiftLint\"\nfi\n";
		};
/* End PBXShellScriptBuildPhase section */

/* Begin PBXSourcesBuildPhase section */
		EE6C4AED21C5043C00A91353 /* Sources */ = {
			isa = PBXSourcesBuildPhase;
			buildActionMask = 2147483647;
			files = (
				EE6C4AF721C5043D00A91353 /* ViewController.swift in Sources */,
				EE6C4AF521C5043D00A91353 /* AppDelegate.swift in Sources */,
			);
			runOnlyForDeploymentPostprocessing = 0;
		};
/* End PBXSourcesBuildPhase section */

/* Begin PBXVariantGroup section */
		EE6C4AF821C5043D00A91353 /* Main.storyboard */ = {
			isa = PBXVariantGroup;
			children = (
				EE6C4AF921C5043D00A91353 /* Base */,
			);
			name = Main.storyboard;
			sourceTree = "<group>";
		};
		EE6C4AFD21C5043D00A91353 /* LaunchScreen.storyboard */ = {
			isa = PBXVariantGroup;
			children = (
				EE6C4AFE21C5043D00A91353 /* Base */,
			);
			name = LaunchScreen.storyboard;
			sourceTree = "<group>";
		};
/* End PBXVariantGroup section */

/* Begin XCBuildConfiguration section */
		EE6C4B0121C5043D00A91353 /* Debug */ = {
			isa = XCBuildConfiguration;
			buildSettings = {
				ALWAYS_SEARCH_USER_PATHS = NO;
				CLANG_ANALYZER_NONNULL = YES;
				CLANG_ANALYZER_NUMBER_OBJECT_CONVERSION = YES_AGGRESSIVE;
				CLANG_CXX_LANGUAGE_STANDARD = "gnu++14";
				CLANG_CXX_LIBRARY = "libc++";
				CLANG_ENABLE_MODULES = YES;
				CLANG_ENABLE_OBJC_ARC = YES;
				CLANG_ENABLE_OBJC_WEAK = YES;
				CLANG_WARN_BLOCK_CAPTURE_AUTORELEASING = YES;
				CLANG_WARN_BOOL_CONVERSION = YES;
				CLANG_WARN_COMMA = YES;
				CLANG_WARN_CONSTANT_CONVERSION = YES;
				CLANG_WARN_DEPRECATED_OBJC_IMPLEMENTATIONS = YES;
				CLANG_WARN_DIRECT_OBJC_ISA_USAGE = YES_ERROR;
				CLANG_WARN_DOCUMENTATION_COMMENTS = YES;
				CLANG_WARN_EMPTY_BODY = YES;
				CLANG_WARN_ENUM_CONVERSION = YES;
				CLANG_WARN_INFINITE_RECURSION = YES;
				CLANG_WARN_INT_CONVERSION = YES;
				CLANG_WARN_NON_LITERAL_NULL_CONVERSION = YES;
				CLANG_WARN_OBJC_IMPLICIT_RETAIN_SELF = YES;
				CLANG_WARN_OBJC_LITERAL_CONVERSION = YES;
				CLANG_WARN_OBJC_ROOT_CLASS = YES_ERROR;
				CLANG_WARN_RANGE_LOOP_ANALYSIS = YES;
				CLANG_WARN_STRICT_PROTOTYPES = YES;
				CLANG_WARN_SUSPICIOUS_MOVE = YES;
				CLANG_WARN_UNGUARDED_AVAILABILITY = YES_AGGRESSIVE;
				CLANG_WARN_UNREACHABLE_CODE = YES;
				CLANG_WARN__DUPLICATE_METHOD_MATCH = YES;
				CODE_SIGN_IDENTITY = "iPhone Developer";
				COPY_PHASE_STRIP = NO;
				DEBUG_INFORMATION_FORMAT = dwarf;
				ENABLE_STRICT_OBJC_MSGSEND = YES;
				ENABLE_TESTABILITY = YES;
				GCC_C_LANGUAGE_STANDARD = gnu11;
				GCC_DYNAMIC_NO_PIC = NO;
				GCC_NO_COMMON_BLOCKS = YES;
				GCC_OPTIMIZATION_LEVEL = 0;
				GCC_PREPROCESSOR_DEFINITIONS = (
					"DEBUG=1",
					"$(inherited)",
				);
				GCC_WARN_64_TO_32_BIT_CONVERSION = YES;
				GCC_WARN_ABOUT_RETURN_TYPE = YES_ERROR;
				GCC_WARN_UNDECLARED_SELECTOR = YES;
				GCC_WARN_UNINITIALIZED_AUTOS = YES_AGGRESSIVE;
				GCC_WARN_UNUSED_FUNCTION = YES;
				GCC_WARN_UNUSED_VARIABLE = YES;
				IPHONEOS_DEPLOYMENT_TARGET = 12.1;
				MTL_ENABLE_DEBUG_INFO = INCLUDE_SOURCE;
				MTL_FAST_MATH = YES;
				ONLY_ACTIVE_ARCH = YES;
				SDKROOT = iphoneos;
				SWIFT_ACTIVE_COMPILATION_CONDITIONS = DEBUG;
				SWIFT_OPTIMIZATION_LEVEL = "-Onone";
			};
			name = Debug;
		};
		EE6C4B0221C5043D00A91353 /* Release */ = {
			isa = XCBuildConfiguration;
			buildSettings = {
				ALWAYS_SEARCH_USER_PATHS = NO;
				CLANG_ANALYZER_NONNULL = YES;
				CLANG_ANALYZER_NUMBER_OBJECT_CONVERSION = YES_AGGRESSIVE;
				CLANG_CXX_LANGUAGE_STANDARD = "gnu++14";
				CLANG_CXX_LIBRARY = "libc++";
				CLANG_ENABLE_MODULES = YES;
				CLANG_ENABLE_OBJC_ARC = YES;
				CLANG_ENABLE_OBJC_WEAK = YES;
				CLANG_WARN_BLOCK_CAPTURE_AUTORELEASING = YES;
				CLANG_WARN_BOOL_CONVERSION = YES;
				CLANG_WARN_COMMA = YES;
				CLANG_WARN_CONSTANT_CONVERSION = YES;
				CLANG_WARN_DEPRECATED_OBJC_IMPLEMENTATIONS = YES;
				CLANG_WARN_DIRECT_OBJC_ISA_USAGE = YES_ERROR;
				CLANG_WARN_DOCUMENTATION_COMMENTS = YES;
				CLANG_WARN_EMPTY_BODY = YES;
				CLANG_WARN_ENUM_CONVERSION = YES;
				CLANG_WARN_INFINITE_RECURSION = YES;
				CLANG_WARN_INT_CONVERSION = YES;
				CLANG_WARN_NON_LITERAL_NULL_CONVERSION = YES;
				CLANG_WARN_OBJC_IMPLICIT_RETAIN_SELF = YES;
				CLANG_WARN_OBJC_LITERAL_CONVERSION = YES;
				CLANG_WARN_OBJC_ROOT_CLASS = YES_ERROR;
				CLANG_WARN_RANGE_LOOP_ANALYSIS = YES;
				CLANG_WARN_STRICT_PROTOTYPES = YES;
				CLANG_WARN_SUSPICIOUS_MOVE = YES;
				CLANG_WARN_UNGUARDED_AVAILABILITY = YES_AGGRESSIVE;
				CLANG_WARN_UNREACHABLE_CODE = YES;
				CLANG_WARN__DUPLICATE_METHOD_MATCH = YES;
				CODE_SIGN_IDENTITY = "iPhone Developer";
				COPY_PHASE_STRIP = NO;
				DEBUG_INFORMATION_FORMAT = "dwarf-with-dsym";
				ENABLE_NS_ASSERTIONS = NO;
				ENABLE_STRICT_OBJC_MSGSEND = YES;
				GCC_C_LANGUAGE_STANDARD = gnu11;
				GCC_NO_COMMON_BLOCKS = YES;
				GCC_WARN_64_TO_32_BIT_CONVERSION = YES;
				GCC_WARN_ABOUT_RETURN_TYPE = YES_ERROR;
				GCC_WARN_UNDECLARED_SELECTOR = YES;
				GCC_WARN_UNINITIALIZED_AUTOS = YES_AGGRESSIVE;
				GCC_WARN_UNUSED_FUNCTION = YES;
				GCC_WARN_UNUSED_VARIABLE = YES;
				IPHONEOS_DEPLOYMENT_TARGET = 12.1;
				MTL_ENABLE_DEBUG_INFO = NO;
				MTL_FAST_MATH = YES;
				SDKROOT = iphoneos;
				SWIFT_COMPILATION_MODE = wholemodule;
				SWIFT_OPTIMIZATION_LEVEL = "-O";
				VALIDATE_PRODUCT = YES;
			};
			name = Release;
		};
		EE6C4B0421C5043D00A91353 /* Debug */ = {
			isa = XCBuildConfiguration;
			buildSettings = {
				ASSETCATALOG_COMPILER_APPICON_NAME = AppIcon;
				CODE_SIGN_STYLE = Automatic;
				DEVELOPMENT_TEAM = 3HNBAS9RU7;
				INFOPLIST_FILE = stv_project_1.1.2/Info.plist;
				LD_RUNPATH_SEARCH_PATHS = (
					"$(inherited)",
					"@executable_path/Frameworks",
				);
				PRODUCT_BUNDLE_IDENTIFIER = "com.ayoih.stv-project-1-1-2";
				PRODUCT_NAME = "$(TARGET_NAME)";
				SWIFT_VERSION = 4.2;
				TARGETED_DEVICE_FAMILY = "1,2";
			};
			name = Debug;
		};
		EE6C4B0521C5043D00A91353 /* Release */ = {
			isa = XCBuildConfiguration;
			buildSettings = {
				ASSETCATALOG_COMPILER_APPICON_NAME = AppIcon;
				CODE_SIGN_STYLE = Automatic;
				DEVELOPMENT_TEAM = 3HNBAS9RU7;
				INFOPLIST_FILE = stv_project_1.1.2/Info.plist;
				LD_RUNPATH_SEARCH_PATHS = (
					"$(inherited)",
					"@executable_path/Frameworks",
				);
				PRODUCT_BUNDLE_IDENTIFIER = "com.ayoih.stv-project-1-1-2";
				PRODUCT_NAME = "$(TARGET_NAME)";
				SWIFT_VERSION = 4.2;
				TARGETED_DEVICE_FAMILY = "1,2";
			};
			name = Release;
		};
/* End XCBuildConfiguration section */

/* Begin XCConfigurationList section */
		EE6C4AEC21C5043C00A91353 /* Build configuration list for PBXProject "stv_project_1.1.2" */ = {
			isa = XCConfigurationList;
			buildConfigurations = (
				EE6C4B0121C5043D00A91353 /* Debug */,
				EE6C4B0221C5043D00A91353 /* Release */,
			);
			defaultConfigurationIsVisible = 0;
			defaultConfigurationName = Release;
		};
		EE6C4B0321C5043D00A91353 /* Build configuration list for PBXNativeTarget "stv_project_1.1.2" */ = {
			isa = XCConfigurationList;
			buildConfigurations = (
				EE6C4B0421C5043D00A91353 /* Debug */,
				EE6C4B0521C5043D00A91353 /* Release */,
			);
			defaultConfigurationIsVisible = 0;
			defaultConfigurationName = Release;
		};
/* End XCConfigurationList section */
	};
	rootObject = EE6C4AE921C5043C00A91353 /* Project object */;
}
