// !$*UTF8*$!
{
	archiveVersion = 1;
	classes = {
	};
	objectVersion = 50;
	objects = {

/* Begin PBXBuildFile section */
		EE35E66E21F9420300B08688 /* DetailViewController.swift in Sources */ = {isa = PBXBuildFile; fileRef = EE35E66D21F9420300B08688 /* DetailViewController.swift */; };
		EEDED7A221E72BC90028232D /* AppDelegate.swift in Sources */ = {isa = PBXBuildFile; fileRef = EEDED7A121E72BC90028232D /* AppDelegate.swift */; };
		EEDED7A421E72BC90028232D /* ViewController.swift in Sources */ = {isa = PBXBuildFile; fileRef = EEDED7A321E72BC90028232D /* ViewController.swift */; };
		EEDED7A721E72BC90028232D /* Main.storyboard in Resources */ = {isa = PBXBuildFile; fileRef = EEDED7A521E72BC90028232D /* Main.storyboard */; };
		EEDED7A921E72BCA0028232D /* Assets.xcassets in Resources */ = {isa = PBXBuildFile; fileRef = EEDED7A821E72BCA0028232D /* Assets.xcassets */; };
		EEDED7AC21E72BCA0028232D /* LaunchScreen.storyboard in Resources */ = {isa = PBXBuildFile; fileRef = EEDED7AA21E72BCA0028232D /* LaunchScreen.storyboard */; };
		EEDED7B421E72C0D0028232D /* weather.swift in Sources */ = {isa = PBXBuildFile; fileRef = EEDED7B321E72C0D0028232D /* weather.swift */; };
/* End PBXBuildFile section */

/* Begin PBXFileReference section */
		EE13206021F853BE00F6ADCE /* Alamofire.framework */ = {isa = PBXFileReference; lastKnownFileType = wrapper.framework; name = Alamofire.framework; path = Carthage/Build/iOS/Alamofire.framework; sourceTree = "<group>"; };
		EE35E66D21F9420300B08688 /* DetailViewController.swift */ = {isa = PBXFileReference; lastKnownFileType = sourcecode.swift; path = DetailViewController.swift; sourceTree = "<group>"; };
		EEDED79E21E72BC80028232D /* stv_project_2.4.4.app */ = {isa = PBXFileReference; explicitFileType = wrapper.application; includeInIndex = 0; path = stv_project_2.4.4.app; sourceTree = BUILT_PRODUCTS_DIR; };
		EEDED7A121E72BC90028232D /* AppDelegate.swift */ = {isa = PBXFileReference; lastKnownFileType = sourcecode.swift; path = AppDelegate.swift; sourceTree = "<group>"; };
		EEDED7A321E72BC90028232D /* ViewController.swift */ = {isa = PBXFileReference; lastKnownFileType = sourcecode.swift; path = ViewController.swift; sourceTree = "<group>"; };
		EEDED7A621E72BC90028232D /* Base */ = {isa = PBXFileReference; lastKnownFileType = file.storyboard; name = Base; path = Base.lproj/Main.storyboard; sourceTree = "<group>"; };
		EEDED7A821E72BCA0028232D /* Assets.xcassets */ = {isa = PBXFileReference; lastKnownFileType = folder.assetcatalog; path = Assets.xcassets; sourceTree = "<group>"; };
		EEDED7AB21E72BCA0028232D /* Base */ = {isa = PBXFileReference; lastKnownFileType = file.storyboard; name = Base; path = Base.lproj/LaunchScreen.storyboard; sourceTree = "<group>"; };
		EEDED7AD21E72BCA0028232D /* Info.plist */ = {isa = PBXFileReference; lastKnownFileType = text.plist.xml; path = Info.plist; sourceTree = "<group>"; };
		EEDED7B321E72C0D0028232D /* weather.swift */ = {isa = PBXFileReference; lastKnownFileType = sourcecode.swift; path = weather.swift; sourceTree = "<group>"; };
		EEFCE91121F73CE50034FD3A /* RealmSwift.framework */ = {isa = PBXFileReference; lastKnownFileType = wrapper.framework; name = RealmSwift.framework; path = Carthage/Build/iOS/RealmSwift.framework; sourceTree = "<group>"; };
		EEFCE91221F73CE50034FD3A /* Realm.framework */ = {isa = PBXFileReference; lastKnownFileType = wrapper.framework; name = Realm.framework; path = Carthage/Build/iOS/Realm.framework; sourceTree = "<group>"; };
/* End PBXFileReference section */

/* Begin PBXFrameworksBuildPhase section */
		EEDED79B21E72BC80028232D /* Frameworks */ = {
			isa = PBXFrameworksBuildPhase;
			buildActionMask = 2147483647;
			files = (
			);
			runOnlyForDeploymentPostprocessing = 0;
		};
/* End PBXFrameworksBuildPhase section */

/* Begin PBXGroup section */
		EEDED79521E72BC80028232D = {
			isa = PBXGroup;
			children = (
				EEDED7A021E72BC80028232D /* stv_project_2.4.4 */,
				EEDED79F21E72BC80028232D /* Products */,
				EEFCE91021F73CE40034FD3A /* Frameworks */,
			);
			sourceTree = "<group>";
		};
		EEDED79F21E72BC80028232D /* Products */ = {
			isa = PBXGroup;
			children = (
				EEDED79E21E72BC80028232D /* stv_project_2.4.4.app */,
			);
			name = Products;
			sourceTree = "<group>";
		};
		EEDED7A021E72BC80028232D /* stv_project_2.4.4 */ = {
			isa = PBXGroup;
			children = (
				EEDED7A121E72BC90028232D /* AppDelegate.swift */,
				EEDED7A321E72BC90028232D /* ViewController.swift */,
				EE35E66D21F9420300B08688 /* DetailViewController.swift */,
				EEDED7B321E72C0D0028232D /* weather.swift */,
				EEDED7A521E72BC90028232D /* Main.storyboard */,
				EEDED7A821E72BCA0028232D /* Assets.xcassets */,
				EEDED7AA21E72BCA0028232D /* LaunchScreen.storyboard */,
				EEDED7AD21E72BCA0028232D /* Info.plist */,
			);
			path = stv_project_2.4.4;
			sourceTree = "<group>";
		};
		EEFCE91021F73CE40034FD3A /* Frameworks */ = {
			isa = PBXGroup;
			children = (
				EE13206021F853BE00F6ADCE /* Alamofire.framework */,
				EEFCE91221F73CE50034FD3A /* Realm.framework */,
				EEFCE91121F73CE50034FD3A /* RealmSwift.framework */,
			);
			name = Frameworks;
			sourceTree = "<group>";
		};
/* End PBXGroup section */

/* Begin PBXNativeTarget section */
		EEDED79D21E72BC80028232D /* stv_project_2.4.4 */ = {
			isa = PBXNativeTarget;
			buildConfigurationList = EEDED7B021E72BCA0028232D /* Build configuration list for PBXNativeTarget "stv_project_2.4.4" */;
			buildPhases = (
				EEDED79A21E72BC80028232D /* Sources */,
				EEDED79B21E72BC80028232D /* Frameworks */,
				EEDED79C21E72BC80028232D /* Resources */,
				EEFCE91521F73CE90034FD3A /* ShellScript */,
			);
			buildRules = (
			);
			dependencies = (
			);
			name = stv_project_2.4.4;
			productName = stv_project_2.4.4;
			productReference = EEDED79E21E72BC80028232D /* stv_project_2.4.4.app */;
			productType = "com.apple.product-type.application";
		};
/* End PBXNativeTarget section */

/* Begin PBXProject section */
		EEDED79621E72BC80028232D /* Project object */ = {
			isa = PBXProject;
			attributes = {
				LastSwiftUpdateCheck = 1010;
				LastUpgradeCheck = 1010;
				ORGANIZATIONNAME = hiroya;
				TargetAttributes = {
					EEDED79D21E72BC80028232D = {
						CreatedOnToolsVersion = 10.1;
					};
				};
			};
			buildConfigurationList = EEDED79921E72BC80028232D /* Build configuration list for PBXProject "stv_project_2.4.4" */;
			compatibilityVersion = "Xcode 9.3";
			developmentRegion = en;
			hasScannedForEncodings = 0;
			knownRegions = (
				en,
				Base,
			);
			mainGroup = EEDED79521E72BC80028232D;
			productRefGroup = EEDED79F21E72BC80028232D /* Products */;
			projectDirPath = "";
			projectRoot = "";
			targets = (
				EEDED79D21E72BC80028232D /* stv_project_2.4.4 */,
			);
		};
/* End PBXProject section */

/* Begin PBXResourcesBuildPhase section */
		EEDED79C21E72BC80028232D /* Resources */ = {
			isa = PBXResourcesBuildPhase;
			buildActionMask = 2147483647;
			files = (
				EEDED7AC21E72BCA0028232D /* LaunchScreen.storyboard in Resources */,
				EEDED7A921E72BCA0028232D /* Assets.xcassets in Resources */,
				EEDED7A721E72BC90028232D /* Main.storyboard in Resources */,
			);
			runOnlyForDeploymentPostprocessing = 0;
		};
/* End PBXResourcesBuildPhase section */

/* Begin PBXShellScriptBuildPhase section */
		EEFCE91521F73CE90034FD3A /* ShellScript */ = {
			isa = PBXShellScriptBuildPhase;
			buildActionMask = 2147483647;
			files = (
			);
			inputFileListPaths = (
			);
			inputPaths = (
			);
			outputFileListPaths = (
			);
			outputPaths = (
			);
			runOnlyForDeploymentPostprocessing = 0;
			shellPath = /bin/sh;
			shellScript = "
";
		};
/* End PBXShellScriptBuildPhase section */

/* Begin PBXSourcesBuildPhase section */
		EEDED79A21E72BC80028232D /* Sources */ = {
			isa = PBXSourcesBuildPhase;
			buildActionMask = 2147483647;
			files = (
				EEDED7A421E72BC90028232D /* ViewController.swift in Sources */,
				EEDED7A221E72BC90028232D /* AppDelegate.swift in Sources */,
				EEDED7B421E72C0D0028232D /* weather.swift in Sources */,
				EE35E66E21F9420300B08688 /* DetailViewController.swift in Sources */,
			);
			runOnlyForDeploymentPostprocessing = 0;
		};
/* End PBXSourcesBuildPhase section */

/* Begin PBXVariantGroup section */
		EEDED7A521E72BC90028232D /* Main.storyboard */ = {
			isa = PBXVariantGroup;
			children = (
				EEDED7A621E72BC90028232D /* Base */,
			);
			name = Main.storyboard;
			sourceTree = "<group>";
		};
		EEDED7AA21E72BCA0028232D /* LaunchScreen.storyboard */ = {
			isa = PBXVariantGroup;
			children = (
				EEDED7AB21E72BCA0028232D /* Base */,
			);
			name = LaunchScreen.storyboard;
			sourceTree = "<group>";
		};
/* End PBXVariantGroup section */

/* Begin XCBuildConfiguration section */
		EEDED7AE21E72BCA0028232D /* Debug */ = {
			isa = XCBuildConfiguration;
			buildSettings = {
				ALWAYS_SEARCH_USER_PATHS = NO;
				CLANG_ANALYZER_NONNULL = YES;
				CLANG_ANALYZER_NUMBER_OBJECT_CONVERSION = YES_AGGRESSIVE;
				CLANG_CXX_LANGUAGE_STANDARD = "gnu++14";
				CLANG_CXX_LIBRARY = "libc++";
				CLANG_ENABLE_MODULES = YES;
				CLANG_ENABLE_OBJC_ARC = YES;
				CLANG_ENABLE_OBJC_WEAK = YES;
				CLANG_WARN_BLOCK_CAPTURE_AUTORELEASING = YES;
				CLANG_WARN_BOOL_CONVERSION = YES;
				CLANG_WARN_COMMA = YES;
				CLANG_WARN_CONSTANT_CONVERSION = YES;
				CLANG_WARN_DEPRECATED_OBJC_IMPLEMENTATIONS = YES;
				CLANG_WARN_DIRECT_OBJC_ISA_USAGE = YES_ERROR;
				CLANG_WARN_DOCUMENTATION_COMMENTS = YES;
				CLANG_WARN_EMPTY_BODY = YES;
				CLANG_WARN_ENUM_CONVERSION = YES;
				CLANG_WARN_INFINITE_RECURSION = YES;
				CLANG_WARN_INT_CONVERSION = YES;
				CLANG_WARN_NON_LITERAL_NULL_CONVERSION = YES;
				CLANG_WARN_OBJC_IMPLICIT_RETAIN_SELF = YES;
				CLANG_WARN_OBJC_LITERAL_CONVERSION = YES;
				CLANG_WARN_OBJC_ROOT_CLASS = YES_ERROR;
				CLANG_WARN_RANGE_LOOP_ANALYSIS = YES;
				CLANG_WARN_STRICT_PROTOTYPES = YES;
				CLANG_WARN_SUSPICIOUS_MOVE = YES;
				CLANG_WARN_UNGUARDED_AVAILABILITY = YES_AGGRESSIVE;
				CLANG_WARN_UNREACHABLE_CODE = YES;
				CLANG_WARN__DUPLICATE_METHOD_MATCH = YES;
				CODE_SIGN_IDENTITY = "iPhone Developer";
				COPY_PHASE_STRIP = NO;
				DEBUG_INFORMATION_FORMAT = dwarf;
				ENABLE_STRICT_OBJC_MSGSEND = YES;
				ENABLE_TESTABILITY = YES;
				GCC_C_LANGUAGE_STANDARD = gnu11;
				GCC_DYNAMIC_NO_PIC = NO;
				GCC_NO_COMMON_BLOCKS = YES;
				GCC_OPTIMIZATION_LEVEL = 0;
				GCC_PREPROCESSOR_DEFINITIONS = (
					"DEBUG=1",
					"$(inherited)",
				);
				GCC_WARN_64_TO_32_BIT_CONVERSION = YES;
				GCC_WARN_ABOUT_RETURN_TYPE = YES_ERROR;
				GCC_WARN_UNDECLARED_SELECTOR = YES;
				GCC_WARN_UNINITIALIZED_AUTOS = YES_AGGRESSIVE;
				GCC_WARN_UNUSED_FUNCTION = YES;
				GCC_WARN_UNUSED_VARIABLE = YES;
				IPHONEOS_DEPLOYMENT_TARGET = 12.1;
				MTL_ENABLE_DEBUG_INFO = INCLUDE_SOURCE;
				MTL_FAST_MATH = YES;
				ONLY_ACTIVE_ARCH = YES;
				SDKROOT = iphoneos;
				SWIFT_ACTIVE_COMPILATION_CONDITIONS = DEBUG;
				SWIFT_OPTIMIZATION_LEVEL = "-Onone";
			};
			name = Debug;
		};
		EEDED7AF21E72BCA0028232D /* Release */ = {
			isa = XCBuildConfiguration;
			buildSettings = {
				ALWAYS_SEARCH_USER_PATHS = NO;
				CLANG_ANALYZER_NONNULL = YES;
				CLANG_ANALYZER_NUMBER_OBJECT_CONVERSION = YES_AGGRESSIVE;
				CLANG_CXX_LANGUAGE_STANDARD = "gnu++14";
				CLANG_CXX_LIBRARY = "libc++";
				CLANG_ENABLE_MODULES = YES;
				CLANG_ENABLE_OBJC_ARC = YES;
				CLANG_ENABLE_OBJC_WEAK = YES;
				CLANG_WARN_BLOCK_CAPTURE_AUTORELEASING = YES;
				CLANG_WARN_BOOL_CONVERSION = YES;
				CLANG_WARN_COMMA = YES;
				CLANG_WARN_CONSTANT_CONVERSION = YES;
				CLANG_WARN_DEPRECATED_OBJC_IMPLEMENTATIONS = YES;
				CLANG_WARN_DIRECT_OBJC_ISA_USAGE = YES_ERROR;
				CLANG_WARN_DOCUMENTATION_COMMENTS = YES;
				CLANG_WARN_EMPTY_BODY = YES;
				CLANG_WARN_ENUM_CONVERSION = YES;
				CLANG_WARN_INFINITE_RECURSION = YES;
				CLANG_WARN_INT_CONVERSION = YES;
				CLANG_WARN_NON_LITERAL_NULL_CONVERSION = YES;
				CLANG_WARN_OBJC_IMPLICIT_RETAIN_SELF = YES;
				CLANG_WARN_OBJC_LITERAL_CONVERSION = YES;
				CLANG_WARN_OBJC_ROOT_CLASS = YES_ERROR;
				CLANG_WARN_RANGE_LOOP_ANALYSIS = YES;
				CLANG_WARN_STRICT_PROTOTYPES = YES;
				CLANG_WARN_SUSPICIOUS_MOVE = YES;
				CLANG_WARN_UNGUARDED_AVAILABILITY = YES_AGGRESSIVE;
				CLANG_WARN_UNREACHABLE_CODE = YES;
				CLANG_WARN__DUPLICATE_METHOD_MATCH = YES;
				CODE_SIGN_IDENTITY = "iPhone Developer";
				COPY_PHASE_STRIP = NO;
				DEBUG_INFORMATION_FORMAT = "dwarf-with-dsym";
				ENABLE_NS_ASSERTIONS = NO;
				ENABLE_STRICT_OBJC_MSGSEND = YES;
				GCC_C_LANGUAGE_STANDARD = gnu11;
				GCC_NO_COMMON_BLOCKS = YES;
				GCC_WARN_64_TO_32_BIT_CONVERSION = YES;
				GCC_WARN_ABOUT_RETURN_TYPE = YES_ERROR;
				GCC_WARN_UNDECLARED_SELECTOR = YES;
				GCC_WARN_UNINITIALIZED_AUTOS = YES_AGGRESSIVE;
				GCC_WARN_UNUSED_FUNCTION = YES;
				GCC_WARN_UNUSED_VARIABLE = YES;
				IPHONEOS_DEPLOYMENT_TARGET = 12.1;
				MTL_ENABLE_DEBUG_INFO = NO;
				MTL_FAST_MATH = YES;
				SDKROOT = iphoneos;
				SWIFT_COMPILATION_MODE = wholemodule;
				SWIFT_OPTIMIZATION_LEVEL = "-O";
				VALIDATE_PRODUCT = YES;
			};
			name = Release;
		};
		EEDED7B121E72BCA0028232D /* Debug */ = {
			isa = XCBuildConfiguration;
			buildSettings = {
				ASSETCATALOG_COMPILER_APPICON_NAME = AppIcon;
				CODE_SIGN_STYLE = Automatic;
				DEVELOPMENT_TEAM = 3HNBAS9RU7;
				FRAMEWORK_SEARCH_PATHS = (
					"$(inherited)",
					"$(PROJECT_DIR)/Carthage/Build/iOS",
				);
				INFOPLIST_FILE = stv_project_2.4.4/Info.plist;
				LD_RUNPATH_SEARCH_PATHS = (
					"$(inherited)",
					"@executable_path/Frameworks",
				);
				PRODUCT_BUNDLE_IDENTIFIER = "com.ayoih.stv-project-2-4-4";
				PRODUCT_NAME = "$(TARGET_NAME)";
				SWIFT_VERSION = 4.2;
				TARGETED_DEVICE_FAMILY = "1,2";
			};
			name = Debug;
		};
		EEDED7B221E72BCA0028232D /* Release */ = {
			isa = XCBuildConfiguration;
			buildSettings = {
				ASSETCATALOG_COMPILER_APPICON_NAME = AppIcon;
				CODE_SIGN_STYLE = Automatic;
				DEVELOPMENT_TEAM = 3HNBAS9RU7;
				FRAMEWORK_SEARCH_PATHS = (
					"$(inherited)",
					"$(PROJECT_DIR)/Carthage/Build/iOS",
				);
				INFOPLIST_FILE = stv_project_2.4.4/Info.plist;
				LD_RUNPATH_SEARCH_PATHS = (
					"$(inherited)",
					"@executable_path/Frameworks",
				);
				PRODUCT_BUNDLE_IDENTIFIER = "com.ayoih.stv-project-2-4-4";
				PRODUCT_NAME = "$(TARGET_NAME)";
				SWIFT_VERSION = 4.2;
				TARGETED_DEVICE_FAMILY = "1,2";
			};
			name = Release;
		};
/* End XCBuildConfiguration section */

/* Begin XCConfigurationList section */
		EEDED79921E72BC80028232D /* Build configuration list for PBXProject "stv_project_2.4.4" */ = {
			isa = XCConfigurationList;
			buildConfigurations = (
				EEDED7AE21E72BCA0028232D /* Debug */,
				EEDED7AF21E72BCA0028232D /* Release */,
			);
			defaultConfigurationIsVisible = 0;
			defaultConfigurationName = Release;
		};
		EEDED7B021E72BCA0028232D /* Build configuration list for PBXNativeTarget "stv_project_2.4.4" */ = {
			isa = XCConfigurationList;
			buildConfigurations = (
				EEDED7B121E72BCA0028232D /* Debug */,
				EEDED7B221E72BCA0028232D /* Release */,
			);
			defaultConfigurationIsVisible = 0;
			defaultConfigurationName = Release;
		};
/* End XCConfigurationList section */
	};
	rootObject = EEDED79621E72BC80028232D /* Project object */;
}
