// !$*UTF8*$!
{
	archiveVersion = 1;
	classes = {
	};
	objectVersion = 50;
	objects = {

/* Begin PBXBuildFile section */
		EE25DEB621CBD2A3003CF5DA /* AppDelegate.swift in Sources */ = {isa = PBXBuildFile; fileRef = EE25DEB521CBD2A3003CF5DA /* AppDelegate.swift */; };
		EE25DEB821CBD2A3003CF5DA /* ViewController.swift in Sources */ = {isa = PBXBuildFile; fileRef = EE25DEB721CBD2A3003CF5DA /* ViewController.swift */; };
		EE25DEBB21CBD2A3003CF5DA /* Main.storyboard in Resources */ = {isa = PBXBuildFile; fileRef = EE25DEB921CBD2A3003CF5DA /* Main.storyboard */; };
		EE25DEBD21CBD2A4003CF5DA /* Assets.xcassets in Resources */ = {isa = PBXBuildFile; fileRef = EE25DEBC21CBD2A4003CF5DA /* Assets.xcassets */; };
		EE25DEC021CBD2A4003CF5DA /* LaunchScreen.storyboard in Resources */ = {isa = PBXBuildFile; fileRef = EE25DEBE21CBD2A4003CF5DA /* LaunchScreen.storyboard */; };
		EE25DEC821CBD2E1003CF5DA /* .swiftlint.yml in Resources */ = {isa = PBXBuildFile; fileRef = EE25DEC721CBD2E1003CF5DA /* .swiftlint.yml */; };
/* End PBXBuildFile section */

/* Begin PBXFileReference section */
		EE25DEB221CBD2A3003CF5DA /* stv_project_1.1.1.app */ = {isa = PBXFileReference; explicitFileType = wrapper.application; includeInIndex = 0; path = stv_project_1.1.1.app; sourceTree = BUILT_PRODUCTS_DIR; };
		EE25DEB521CBD2A3003CF5DA /* AppDelegate.swift */ = {isa = PBXFileReference; lastKnownFileType = sourcecode.swift; path = AppDelegate.swift; sourceTree = "<group>"; };
		EE25DEB721CBD2A3003CF5DA /* ViewController.swift */ = {isa = PBXFileReference; lastKnownFileType = sourcecode.swift; path = ViewController.swift; sourceTree = "<group>"; };
		EE25DEBA21CBD2A3003CF5DA /* Base */ = {isa = PBXFileReference; lastKnownFileType = file.storyboard; name = Base; path = Base.lproj/Main.storyboard; sourceTree = "<group>"; };
		EE25DEBC21CBD2A4003CF5DA /* Assets.xcassets */ = {isa = PBXFileReference; lastKnownFileType = folder.assetcatalog; path = Assets.xcassets; sourceTree = "<group>"; };
		EE25DEBF21CBD2A4003CF5DA /* Base */ = {isa = PBXFileReference; lastKnownFileType = file.storyboard; name = Base; path = Base.lproj/LaunchScreen.storyboard; sourceTree = "<group>"; };
		EE25DEC121CBD2A4003CF5DA /* Info.plist */ = {isa = PBXFileReference; lastKnownFileType = text.plist.xml; path = Info.plist; sourceTree = "<group>"; };
		EE25DEC721CBD2E1003CF5DA /* .swiftlint.yml */ = {isa = PBXFileReference; fileEncoding = 4; lastKnownFileType = text; path = .swiftlint.yml; sourceTree = "<group>"; };
/* End PBXFileReference section */

/* Begin PBXFrameworksBuildPhase section */
		EE25DEAF21CBD2A3003CF5DA /* Frameworks */ = {
			isa = PBXFrameworksBuildPhase;
			buildActionMask = 2147483647;
			files = (
			);
			runOnlyForDeploymentPostprocessing = 0;
		};
/* End PBXFrameworksBuildPhase section */

/* Begin PBXGroup section */
		EE25DEA921CBD2A3003CF5DA = {
			isa = PBXGroup;
			children = (
				EE25DEC721CBD2E1003CF5DA /* .swiftlint.yml */,
				EE25DEB421CBD2A3003CF5DA /* stv_project_1.1.1 */,
				EE25DEB321CBD2A3003CF5DA /* Products */,
			);
			sourceTree = "<group>";
		};
		EE25DEB321CBD2A3003CF5DA /* Products */ = {
			isa = PBXGroup;
			children = (
				EE25DEB221CBD2A3003CF5DA /* stv_project_1.1.1.app */,
			);
			name = Products;
			sourceTree = "<group>";
		};
		EE25DEB421CBD2A3003CF5DA /* stv_project_1.1.1 */ = {
			isa = PBXGroup;
			children = (
				EE25DEB521CBD2A3003CF5DA /* AppDelegate.swift */,
				EE25DEB721CBD2A3003CF5DA /* ViewController.swift */,
				EE25DEB921CBD2A3003CF5DA /* Main.storyboard */,
				EE25DEBC21CBD2A4003CF5DA /* Assets.xcassets */,
				EE25DEBE21CBD2A4003CF5DA /* LaunchScreen.storyboard */,
				EE25DEC121CBD2A4003CF5DA /* Info.plist */,
			);
			path = stv_project_1.1.1;
			sourceTree = "<group>";
		};
/* End PBXGroup section */

/* Begin PBXNativeTarget section */
		EE25DEB121CBD2A3003CF5DA /* stv_project_1.1.1 */ = {
			isa = PBXNativeTarget;
			buildConfigurationList = EE25DEC421CBD2A4003CF5DA /* Build configuration list for PBXNativeTarget "stv_project_1.1.1" */;
			buildPhases = (
				EE25DEAE21CBD2A3003CF5DA /* Sources */,
				EE25DEAF21CBD2A3003CF5DA /* Frameworks */,
				EE25DEB021CBD2A3003CF5DA /* Resources */,
				EE25DEC921CBD2F0003CF5DA /* Run Script */,
			);
			buildRules = (
			);
			dependencies = (
			);
			name = stv_project_1.1.1;
			productName = stv_project_1.1.1;
			productReference = EE25DEB221CBD2A3003CF5DA /* stv_project_1.1.1.app */;
			productType = "com.apple.product-type.application";
		};
/* End PBXNativeTarget section */

/* Begin PBXProject section */
		EE25DEAA21CBD2A3003CF5DA /* Project object */ = {
			isa = PBXProject;
			attributes = {
				LastSwiftUpdateCheck = 1010;
				LastUpgradeCheck = 1010;
				ORGANIZATIONNAME = hiroya;
				TargetAttributes = {
					EE25DEB121CBD2A3003CF5DA = {
						CreatedOnToolsVersion = 10.1;
					};
				};
			};
			buildConfigurationList = EE25DEAD21CBD2A3003CF5DA /* Build configuration list for PBXProject "stv_project_1.1.1" */;
			compatibilityVersion = "Xcode 9.3";
			developmentRegion = en;
			hasScannedForEncodings = 0;
			knownRegions = (
				en,
				Base,
			);
			mainGroup = EE25DEA921CBD2A3003CF5DA;
			productRefGroup = EE25DEB321CBD2A3003CF5DA /* Products */;
			projectDirPath = "";
			projectRoot = "";
			targets = (
				EE25DEB121CBD2A3003CF5DA /* stv_project_1.1.1 */,
			);
		};
/* End PBXProject section */

/* Begin PBXResourcesBuildPhase section */
		EE25DEB021CBD2A3003CF5DA /* Resources */ = {
			isa = PBXResourcesBuildPhase;
			buildActionMask = 2147483647;
			files = (
				EE25DEC821CBD2E1003CF5DA /* .swiftlint.yml in Resources */,
				EE25DEC021CBD2A4003CF5DA /* LaunchScreen.storyboard in Resources */,
				EE25DEBD21CBD2A4003CF5DA /* Assets.xcassets in Resources */,
				EE25DEBB21CBD2A3003CF5DA /* Main.storyboard in Resources */,
			);
			runOnlyForDeploymentPostprocessing = 0;
		};
/* End PBXResourcesBuildPhase section */

/* Begin PBXShellScriptBuildPhase section */
		EE25DEC921CBD2F0003CF5DA /* Run Script */ = {
			isa = PBXShellScriptBuildPhase;
			buildActionMask = 2147483647;
			files = (
			);
			inputFileListPaths = (
			);
			inputPaths = (
			);
			name = "Run Script";
			outputFileListPaths = (
			);
			outputPaths = (
			);
			runOnlyForDeploymentPostprocessing = 0;
			shellPath = /bin/sh;
			shellScript = "if which swiftlint >/dev/null; then\nswiftlint\nelse\necho \"SwiftLint does not exist, download from https://github.com/realm/SwiftLint\"\nfi\n";
		};
/* End PBXShellScriptBuildPhase section */

/* Begin PBXSourcesBuildPhase section */
		EE25DEAE21CBD2A3003CF5DA /* Sources */ = {
			isa = PBXSourcesBuildPhase;
			buildActionMask = 2147483647;
			files = (
				EE25DEB821CBD2A3003CF5DA /* ViewController.swift in Sources */,
				EE25DEB621CBD2A3003CF5DA /* AppDelegate.swift in Sources */,
			);
			runOnlyForDeploymentPostprocessing = 0;
		};
/* End PBXSourcesBuildPhase section */

/* Begin PBXVariantGroup section */
		EE25DEB921CBD2A3003CF5DA /* Main.storyboard */ = {
			isa = PBXVariantGroup;
			children = (
				EE25DEBA21CBD2A3003CF5DA /* Base */,
			);
			name = Main.storyboard;
			sourceTree = "<group>";
		};
		EE25DEBE21CBD2A4003CF5DA /* LaunchScreen.storyboard */ = {
			isa = PBXVariantGroup;
			children = (
				EE25DEBF21CBD2A4003CF5DA /* Base */,
			);
			name = LaunchScreen.storyboard;
			sourceTree = "<group>";
		};
/* End PBXVariantGroup section */

/* Begin XCBuildConfiguration section */
		EE25DEC221CBD2A4003CF5DA /* Debug */ = {
			isa = XCBuildConfiguration;
			buildSettings = {
				ALWAYS_SEARCH_USER_PATHS = NO;
				CLANG_ANALYZER_NONNULL = YES;
				CLANG_ANALYZER_NUMBER_OBJECT_CONVERSION = YES_AGGRESSIVE;
				CLANG_CXX_LANGUAGE_STANDARD = "gnu++14";
				CLANG_CXX_LIBRARY = "libc++";
				CLANG_ENABLE_MODULES = YES;
				CLANG_ENABLE_OBJC_ARC = YES;
				CLANG_ENABLE_OBJC_WEAK = YES;
				CLANG_WARN_BLOCK_CAPTURE_AUTORELEASING = YES;
				CLANG_WARN_BOOL_CONVERSION = YES;
				CLANG_WARN_COMMA = YES;
				CLANG_WARN_CONSTANT_CONVERSION = YES;
				CLANG_WARN_DEPRECATED_OBJC_IMPLEMENTATIONS = YES;
				CLANG_WARN_DIRECT_OBJC_ISA_USAGE = YES_ERROR;
				CLANG_WARN_DOCUMENTATION_COMMENTS = YES;
				CLANG_WARN_EMPTY_BODY = YES;
				CLANG_WARN_ENUM_CONVERSION = YES;
				CLANG_WARN_INFINITE_RECURSION = YES;
				CLANG_WARN_INT_CONVERSION = YES;
				CLANG_WARN_NON_LITERAL_NULL_CONVERSION = YES;
				CLANG_WARN_OBJC_IMPLICIT_RETAIN_SELF = YES;
				CLANG_WARN_OBJC_LITERAL_CONVERSION = YES;
				CLANG_WARN_OBJC_ROOT_CLASS = YES_ERROR;
				CLANG_WARN_RANGE_LOOP_ANALYSIS = YES;
				CLANG_WARN_STRICT_PROTOTYPES = YES;
				CLANG_WARN_SUSPICIOUS_MOVE = YES;
				CLANG_WARN_UNGUARDED_AVAILABILITY = YES_AGGRESSIVE;
				CLANG_WARN_UNREACHABLE_CODE = YES;
				CLANG_WARN__DUPLICATE_METHOD_MATCH = YES;
				CODE_SIGN_IDENTITY = "iPhone Developer";
				COPY_PHASE_STRIP = NO;
				DEBUG_INFORMATION_FORMAT = dwarf;
				ENABLE_STRICT_OBJC_MSGSEND = YES;
				ENABLE_TESTABILITY = YES;
				GCC_C_LANGUAGE_STANDARD = gnu11;
				GCC_DYNAMIC_NO_PIC = NO;
				GCC_NO_COMMON_BLOCKS = YES;
				GCC_OPTIMIZATION_LEVEL = 0;
				GCC_PREPROCESSOR_DEFINITIONS = (
					"DEBUG=1",
					"$(inherited)",
				);
				GCC_WARN_64_TO_32_BIT_CONVERSION = YES;
				GCC_WARN_ABOUT_RETURN_TYPE = YES_ERROR;
				GCC_WARN_UNDECLARED_SELECTOR = YES;
				GCC_WARN_UNINITIALIZED_AUTOS = YES_AGGRESSIVE;
				GCC_WARN_UNUSED_FUNCTION = YES;
				GCC_WARN_UNUSED_VARIABLE = YES;
				IPHONEOS_DEPLOYMENT_TARGET = 12.1;
				MTL_ENABLE_DEBUG_INFO = INCLUDE_SOURCE;
				MTL_FAST_MATH = YES;
				ONLY_ACTIVE_ARCH = YES;
				SDKROOT = iphoneos;
				SWIFT_ACTIVE_COMPILATION_CONDITIONS = DEBUG;
				SWIFT_OPTIMIZATION_LEVEL = "-Onone";
			};
			name = Debug;
		};
		EE25DEC321CBD2A4003CF5DA /* Release */ = {
			isa = XCBuildConfiguration;
			buildSettings = {
				ALWAYS_SEARCH_USER_PATHS = NO;
				CLANG_ANALYZER_NONNULL = YES;
				CLANG_ANALYZER_NUMBER_OBJECT_CONVERSION = YES_AGGRESSIVE;
				CLANG_CXX_LANGUAGE_STANDARD = "gnu++14";
				CLANG_CXX_LIBRARY = "libc++";
				CLANG_ENABLE_MODULES = YES;
				CLANG_ENABLE_OBJC_ARC = YES;
				CLANG_ENABLE_OBJC_WEAK = YES;
				CLANG_WARN_BLOCK_CAPTURE_AUTORELEASING = YES;
				CLANG_WARN_BOOL_CONVERSION = YES;
				CLANG_WARN_COMMA = YES;
				CLANG_WARN_CONSTANT_CONVERSION = YES;
				CLANG_WARN_DEPRECATED_OBJC_IMPLEMENTATIONS = YES;
				CLANG_WARN_DIRECT_OBJC_ISA_USAGE = YES_ERROR;
				CLANG_WARN_DOCUMENTATION_COMMENTS = YES;
				CLANG_WARN_EMPTY_BODY = YES;
				CLANG_WARN_ENUM_CONVERSION = YES;
				CLANG_WARN_INFINITE_RECURSION = YES;
				CLANG_WARN_INT_CONVERSION = YES;
				CLANG_WARN_NON_LITERAL_NULL_CONVERSION = YES;
				CLANG_WARN_OBJC_IMPLICIT_RETAIN_SELF = YES;
				CLANG_WARN_OBJC_LITERAL_CONVERSION = YES;
				CLANG_WARN_OBJC_ROOT_CLASS = YES_ERROR;
				CLANG_WARN_RANGE_LOOP_ANALYSIS = YES;
				CLANG_WARN_STRICT_PROTOTYPES = YES;
				CLANG_WARN_SUSPICIOUS_MOVE = YES;
				CLANG_WARN_UNGUARDED_AVAILABILITY = YES_AGGRESSIVE;
				CLANG_WARN_UNREACHABLE_CODE = YES;
				CLANG_WARN__DUPLICATE_METHOD_MATCH = YES;
				CODE_SIGN_IDENTITY = "iPhone Developer";
				COPY_PHASE_STRIP = NO;
				DEBUG_INFORMATION_FORMAT = "dwarf-with-dsym";
				ENABLE_NS_ASSERTIONS = NO;
				ENABLE_STRICT_OBJC_MSGSEND = YES;
				GCC_C_LANGUAGE_STANDARD = gnu11;
				GCC_NO_COMMON_BLOCKS = YES;
				GCC_WARN_64_TO_32_BIT_CONVERSION = YES;
				GCC_WARN_ABOUT_RETURN_TYPE = YES_ERROR;
				GCC_WARN_UNDECLARED_SELECTOR = YES;
				GCC_WARN_UNINITIALIZED_AUTOS = YES_AGGRESSIVE;
				GCC_WARN_UNUSED_FUNCTION = YES;
				GCC_WARN_UNUSED_VARIABLE = YES;
				IPHONEOS_DEPLOYMENT_TARGET = 12.1;
				MTL_ENABLE_DEBUG_INFO = NO;
				MTL_FAST_MATH = YES;
				SDKROOT = iphoneos;
				SWIFT_COMPILATION_MODE = wholemodule;
				SWIFT_OPTIMIZATION_LEVEL = "-O";
				VALIDATE_PRODUCT = YES;
			};
			name = Release;
		};
		EE25DEC521CBD2A4003CF5DA /* Debug */ = {
			isa = XCBuildConfiguration;
			buildSettings = {
				ASSETCATALOG_COMPILER_APPICON_NAME = AppIcon;
				CODE_SIGN_STYLE = Automatic;
				DEVELOPMENT_TEAM = 3HNBAS9RU7;
				INFOPLIST_FILE = stv_project_1.1.1/Info.plist;
				LD_RUNPATH_SEARCH_PATHS = (
					"$(inherited)",
					"@executable_path/Frameworks",
				);
				PRODUCT_BUNDLE_IDENTIFIER = "com.ayoih.stv-project-1-1-1";
				PRODUCT_NAME = "$(TARGET_NAME)";
				SWIFT_VERSION = 4.2;
				TARGETED_DEVICE_FAMILY = "1,2";
			};
			name = Debug;
		};
		EE25DEC621CBD2A4003CF5DA /* Release */ = {
			isa = XCBuildConfiguration;
			buildSettings = {
				ASSETCATALOG_COMPILER_APPICON_NAME = AppIcon;
				CODE_SIGN_STYLE = Automatic;
				DEVELOPMENT_TEAM = 3HNBAS9RU7;
				INFOPLIST_FILE = stv_project_1.1.1/Info.plist;
				LD_RUNPATH_SEARCH_PATHS = (
					"$(inherited)",
					"@executable_path/Frameworks",
				);
				PRODUCT_BUNDLE_IDENTIFIER = "com.ayoih.stv-project-1-1-1";
				PRODUCT_NAME = "$(TARGET_NAME)";
				SWIFT_VERSION = 4.2;
				TARGETED_DEVICE_FAMILY = "1,2";
			};
			name = Release;
		};
/* End XCBuildConfiguration section */

/* Begin XCConfigurationList section */
		EE25DEAD21CBD2A3003CF5DA /* Build configuration list for PBXProject "stv_project_1.1.1" */ = {
			isa = XCConfigurationList;
			buildConfigurations = (
				EE25DEC221CBD2A4003CF5DA /* Debug */,
				EE25DEC321CBD2A4003CF5DA /* Release */,
			);
			defaultConfigurationIsVisible = 0;
			defaultConfigurationName = Release;
		};
		EE25DEC421CBD2A4003CF5DA /* Build configuration list for PBXNativeTarget "stv_project_1.1.1" */ = {
			isa = XCConfigurationList;
			buildConfigurations = (
				EE25DEC521CBD2A4003CF5DA /* Debug */,
				EE25DEC621CBD2A4003CF5DA /* Release */,
			);
			defaultConfigurationIsVisible = 0;
			defaultConfigurationName = Release;
		};
/* End XCConfigurationList section */
	};
	rootObject = EE25DEAA21CBD2A3003CF5DA /* Project object */;
}
