// !$*UTF8*$!
{
	archiveVersion = 1;
	classes = {
	};
	objectVersion = 50;
	objects = {

/* Begin PBXBuildFile section */
		EE3C1D5E21EC360D0064CE44 /* AppDelegate.swift in Sources */ = {isa = PBXBuildFile; fileRef = EE3C1D5D21EC360D0064CE44 /* AppDelegate.swift */; };
		EE3C1D6021EC360D0064CE44 /* ViewController.swift in Sources */ = {isa = PBXBuildFile; fileRef = EE3C1D5F21EC360D0064CE44 /* ViewController.swift */; };
		EE3C1D6321EC360D0064CE44 /* Main.storyboard in Resources */ = {isa = PBXBuildFile; fileRef = EE3C1D6121EC360D0064CE44 /* Main.storyboard */; };
		EE3C1D6521EC36110064CE44 /* Assets.xcassets in Resources */ = {isa = PBXBuildFile; fileRef = EE3C1D6421EC36110064CE44 /* Assets.xcassets */; };
		EE3C1D6821EC36110064CE44 /* LaunchScreen.storyboard in Resources */ = {isa = PBXBuildFile; fileRef = EE3C1D6621EC36110064CE44 /* LaunchScreen.storyboard */; };
		EE3C1D7121EC36A50064CE44 /* MessageUI.framework in Frameworks */ = {isa = PBXBuildFile; fileRef = EE3C1D7021EC36A50064CE44 /* MessageUI.framework */; };
		EE3C1D7321EC40420064CE44 /* .swiftlint.yml in Resources */ = {isa = PBXBuildFile; fileRef = EE3C1D7221EC40420064CE44 /* .swiftlint.yml */; };
/* End PBXBuildFile section */

/* Begin PBXFileReference section */
		EE3C1D5A21EC360D0064CE44 /* stv_project_2.5.1.app */ = {isa = PBXFileReference; explicitFileType = wrapper.application; includeInIndex = 0; path = stv_project_2.5.1.app; sourceTree = BUILT_PRODUCTS_DIR; };
		EE3C1D5D21EC360D0064CE44 /* AppDelegate.swift */ = {isa = PBXFileReference; lastKnownFileType = sourcecode.swift; path = AppDelegate.swift; sourceTree = "<group>"; };
		EE3C1D5F21EC360D0064CE44 /* ViewController.swift */ = {isa = PBXFileReference; lastKnownFileType = sourcecode.swift; path = ViewController.swift; sourceTree = "<group>"; };
		EE3C1D6221EC360D0064CE44 /* Base */ = {isa = PBXFileReference; lastKnownFileType = file.storyboard; name = Base; path = Base.lproj/Main.storyboard; sourceTree = "<group>"; };
		EE3C1D6421EC36110064CE44 /* Assets.xcassets */ = {isa = PBXFileReference; lastKnownFileType = folder.assetcatalog; path = Assets.xcassets; sourceTree = "<group>"; };
		EE3C1D6721EC36110064CE44 /* Base */ = {isa = PBXFileReference; lastKnownFileType = file.storyboard; name = Base; path = Base.lproj/LaunchScreen.storyboard; sourceTree = "<group>"; };
		EE3C1D6921EC36110064CE44 /* Info.plist */ = {isa = PBXFileReference; lastKnownFileType = text.plist.xml; path = Info.plist; sourceTree = "<group>"; };
		EE3C1D7021EC36A50064CE44 /* MessageUI.framework */ = {isa = PBXFileReference; lastKnownFileType = wrapper.framework; name = MessageUI.framework; path = System/Library/Frameworks/MessageUI.framework; sourceTree = SDKROOT; };
		EE3C1D7221EC40420064CE44 /* .swiftlint.yml */ = {isa = PBXFileReference; fileEncoding = 4; lastKnownFileType = text; path = .swiftlint.yml; sourceTree = "<group>"; };
/* End PBXFileReference section */

/* Begin PBXFrameworksBuildPhase section */
		EE3C1D5721EC360D0064CE44 /* Frameworks */ = {
			isa = PBXFrameworksBuildPhase;
			buildActionMask = 2147483647;
			files = (
				EE3C1D7121EC36A50064CE44 /* MessageUI.framework in Frameworks */,
			);
			runOnlyForDeploymentPostprocessing = 0;
		};
/* End PBXFrameworksBuildPhase section */

/* Begin PBXGroup section */
		EE3C1D5121EC360D0064CE44 = {
			isa = PBXGroup;
			children = (
				EE3C1D7221EC40420064CE44 /* .swiftlint.yml */,
				EE3C1D5C21EC360D0064CE44 /* stv_project_2.5.1 */,
				EE3C1D5B21EC360D0064CE44 /* Products */,
				EE3C1D6F21EC36A50064CE44 /* Frameworks */,
			);
			sourceTree = "<group>";
		};
		EE3C1D5B21EC360D0064CE44 /* Products */ = {
			isa = PBXGroup;
			children = (
				EE3C1D5A21EC360D0064CE44 /* stv_project_2.5.1.app */,
			);
			name = Products;
			sourceTree = "<group>";
		};
		EE3C1D5C21EC360D0064CE44 /* stv_project_2.5.1 */ = {
			isa = PBXGroup;
			children = (
				EE3C1D5D21EC360D0064CE44 /* AppDelegate.swift */,
				EE3C1D5F21EC360D0064CE44 /* ViewController.swift */,
				EE3C1D6121EC360D0064CE44 /* Main.storyboard */,
				EE3C1D6421EC36110064CE44 /* Assets.xcassets */,
				EE3C1D6621EC36110064CE44 /* LaunchScreen.storyboard */,
				EE3C1D6921EC36110064CE44 /* Info.plist */,
			);
			path = stv_project_2.5.1;
			sourceTree = "<group>";
		};
		EE3C1D6F21EC36A50064CE44 /* Frameworks */ = {
			isa = PBXGroup;
			children = (
				EE3C1D7021EC36A50064CE44 /* MessageUI.framework */,
			);
			name = Frameworks;
			sourceTree = "<group>";
		};
/* End PBXGroup section */

/* Begin PBXNativeTarget section */
		EE3C1D5921EC360D0064CE44 /* stv_project_2.5.1 */ = {
			isa = PBXNativeTarget;
			buildConfigurationList = EE3C1D6C21EC36110064CE44 /* Build configuration list for PBXNativeTarget "stv_project_2.5.1" */;
			buildPhases = (
				EE3C1D5621EC360D0064CE44 /* Sources */,
				EE3C1D5721EC360D0064CE44 /* Frameworks */,
				EE3C1D5821EC360D0064CE44 /* Resources */,
				EE3C1D7421EC406E0064CE44 /* ShellScript */,
			);
			buildRules = (
			);
			dependencies = (
			);
			name = stv_project_2.5.1;
			productName = stv_project_2.5.1;
			productReference = EE3C1D5A21EC360D0064CE44 /* stv_project_2.5.1.app */;
			productType = "com.apple.product-type.application";
		};
/* End PBXNativeTarget section */

/* Begin PBXProject section */
		EE3C1D5221EC360D0064CE44 /* Project object */ = {
			isa = PBXProject;
			attributes = {
				LastSwiftUpdateCheck = 1010;
				LastUpgradeCheck = 1010;
				ORGANIZATIONNAME = hiroya;
				TargetAttributes = {
					EE3C1D5921EC360D0064CE44 = {
						CreatedOnToolsVersion = 10.1;
					};
				};
			};
			buildConfigurationList = EE3C1D5521EC360D0064CE44 /* Build configuration list for PBXProject "stv_project_2.5.1" */;
			compatibilityVersion = "Xcode 9.3";
			developmentRegion = en;
			hasScannedForEncodings = 0;
			knownRegions = (
				en,
				Base,
			);
			mainGroup = EE3C1D5121EC360D0064CE44;
			productRefGroup = EE3C1D5B21EC360D0064CE44 /* Products */;
			projectDirPath = "";
			projectRoot = "";
			targets = (
				EE3C1D5921EC360D0064CE44 /* stv_project_2.5.1 */,
			);
		};
/* End PBXProject section */

/* Begin PBXResourcesBuildPhase section */
		EE3C1D5821EC360D0064CE44 /* Resources */ = {
			isa = PBXResourcesBuildPhase;
			buildActionMask = 2147483647;
			files = (
				EE3C1D7321EC40420064CE44 /* .swiftlint.yml in Resources */,
				EE3C1D6821EC36110064CE44 /* LaunchScreen.storyboard in Resources */,
				EE3C1D6521EC36110064CE44 /* Assets.xcassets in Resources */,
				EE3C1D6321EC360D0064CE44 /* Main.storyboard in Resources */,
			);
			runOnlyForDeploymentPostprocessing = 0;
		};
/* End PBXResourcesBuildPhase section */

/* Begin PBXShellScriptBuildPhase section */
		EE3C1D7421EC406E0064CE44 /* ShellScript */ = {
			isa = PBXShellScriptBuildPhase;
			buildActionMask = 2147483647;
			files = (
			);
			inputFileListPaths = (
			);
			inputPaths = (
			);
			outputFileListPaths = (
			);
			outputPaths = (
			);
			runOnlyForDeploymentPostprocessing = 0;
			shellPath = /bin/sh;
			shellScript = "if which swiftlint >/dev/null; then\nswiftlint\nelse\necho \"SwiftLint does not exist, download from https://github.com/realm/SwiftLint\"\nfi\n";
		};
/* End PBXShellScriptBuildPhase section */

/* Begin PBXSourcesBuildPhase section */
		EE3C1D5621EC360D0064CE44 /* Sources */ = {
			isa = PBXSourcesBuildPhase;
			buildActionMask = 2147483647;
			files = (
				EE3C1D6021EC360D0064CE44 /* ViewController.swift in Sources */,
				EE3C1D5E21EC360D0064CE44 /* AppDelegate.swift in Sources */,
			);
			runOnlyForDeploymentPostprocessing = 0;
		};
/* End PBXSourcesBuildPhase section */

/* Begin PBXVariantGroup section */
		EE3C1D6121EC360D0064CE44 /* Main.storyboard */ = {
			isa = PBXVariantGroup;
			children = (
				EE3C1D6221EC360D0064CE44 /* Base */,
			);
			name = Main.storyboard;
			sourceTree = "<group>";
		};
		EE3C1D6621EC36110064CE44 /* LaunchScreen.storyboard */ = {
			isa = PBXVariantGroup;
			children = (
				EE3C1D6721EC36110064CE44 /* Base */,
			);
			name = LaunchScreen.storyboard;
			sourceTree = "<group>";
		};
/* End PBXVariantGroup section */

/* Begin XCBuildConfiguration section */
		EE3C1D6A21EC36110064CE44 /* Debug */ = {
			isa = XCBuildConfiguration;
			buildSettings = {
				ALWAYS_SEARCH_USER_PATHS = NO;
				CLANG_ANALYZER_NONNULL = YES;
				CLANG_ANALYZER_NUMBER_OBJECT_CONVERSION = YES_AGGRESSIVE;
				CLANG_CXX_LANGUAGE_STANDARD = "gnu++14";
				CLANG_CXX_LIBRARY = "libc++";
				CLANG_ENABLE_MODULES = YES;
				CLANG_ENABLE_OBJC_ARC = YES;
				CLANG_ENABLE_OBJC_WEAK = YES;
				CLANG_WARN_BLOCK_CAPTURE_AUTORELEASING = YES;
				CLANG_WARN_BOOL_CONVERSION = YES;
				CLANG_WARN_COMMA = YES;
				CLANG_WARN_CONSTANT_CONVERSION = YES;
				CLANG_WARN_DEPRECATED_OBJC_IMPLEMENTATIONS = YES;
				CLANG_WARN_DIRECT_OBJC_ISA_USAGE = YES_ERROR;
				CLANG_WARN_DOCUMENTATION_COMMENTS = YES;
				CLANG_WARN_EMPTY_BODY = YES;
				CLANG_WARN_ENUM_CONVERSION = YES;
				CLANG_WARN_INFINITE_RECURSION = YES;
				CLANG_WARN_INT_CONVERSION = YES;
				CLANG_WARN_NON_LITERAL_NULL_CONVERSION = YES;
				CLANG_WARN_OBJC_IMPLICIT_RETAIN_SELF = YES;
				CLANG_WARN_OBJC_LITERAL_CONVERSION = YES;
				CLANG_WARN_OBJC_ROOT_CLASS = YES_ERROR;
				CLANG_WARN_RANGE_LOOP_ANALYSIS = YES;
				CLANG_WARN_STRICT_PROTOTYPES = YES;
				CLANG_WARN_SUSPICIOUS_MOVE = YES;
				CLANG_WARN_UNGUARDED_AVAILABILITY = YES_AGGRESSIVE;
				CLANG_WARN_UNREACHABLE_CODE = YES;
				CLANG_WARN__DUPLICATE_METHOD_MATCH = YES;
				CODE_SIGN_IDENTITY = "iPhone Developer";
				COPY_PHASE_STRIP = NO;
				DEBUG_INFORMATION_FORMAT = dwarf;
				ENABLE_STRICT_OBJC_MSGSEND = YES;
				ENABLE_TESTABILITY = YES;
				GCC_C_LANGUAGE_STANDARD = gnu11;
				GCC_DYNAMIC_NO_PIC = NO;
				GCC_NO_COMMON_BLOCKS = YES;
				GCC_OPTIMIZATION_LEVEL = 0;
				GCC_PREPROCESSOR_DEFINITIONS = (
					"DEBUG=1",
					"$(inherited)",
				);
				GCC_WARN_64_TO_32_BIT_CONVERSION = YES;
				GCC_WARN_ABOUT_RETURN_TYPE = YES_ERROR;
				GCC_WARN_UNDECLARED_SELECTOR = YES;
				GCC_WARN_UNINITIALIZED_AUTOS = YES_AGGRESSIVE;
				GCC_WARN_UNUSED_FUNCTION = YES;
				GCC_WARN_UNUSED_VARIABLE = YES;
				IPHONEOS_DEPLOYMENT_TARGET = 12.1;
				MTL_ENABLE_DEBUG_INFO = INCLUDE_SOURCE;
				MTL_FAST_MATH = YES;
				ONLY_ACTIVE_ARCH = YES;
				SDKROOT = iphoneos;
				SWIFT_ACTIVE_COMPILATION_CONDITIONS = DEBUG;
				SWIFT_OPTIMIZATION_LEVEL = "-Onone";
			};
			name = Debug;
		};
		EE3C1D6B21EC36110064CE44 /* Release */ = {
			isa = XCBuildConfiguration;
			buildSettings = {
				ALWAYS_SEARCH_USER_PATHS = NO;
				CLANG_ANALYZER_NONNULL = YES;
				CLANG_ANALYZER_NUMBER_OBJECT_CONVERSION = YES_AGGRESSIVE;
				CLANG_CXX_LANGUAGE_STANDARD = "gnu++14";
				CLANG_CXX_LIBRARY = "libc++";
				CLANG_ENABLE_MODULES = YES;
				CLANG_ENABLE_OBJC_ARC = YES;
				CLANG_ENABLE_OBJC_WEAK = YES;
				CLANG_WARN_BLOCK_CAPTURE_AUTORELEASING = YES;
				CLANG_WARN_BOOL_CONVERSION = YES;
				CLANG_WARN_COMMA = YES;
				CLANG_WARN_CONSTANT_CONVERSION = YES;
				CLANG_WARN_DEPRECATED_OBJC_IMPLEMENTATIONS = YES;
				CLANG_WARN_DIRECT_OBJC_ISA_USAGE = YES_ERROR;
				CLANG_WARN_DOCUMENTATION_COMMENTS = YES;
				CLANG_WARN_EMPTY_BODY = YES;
				CLANG_WARN_ENUM_CONVERSION = YES;
				CLANG_WARN_INFINITE_RECURSION = YES;
				CLANG_WARN_INT_CONVERSION = YES;
				CLANG_WARN_NON_LITERAL_NULL_CONVERSION = YES;
				CLANG_WARN_OBJC_IMPLICIT_RETAIN_SELF = YES;
				CLANG_WARN_OBJC_LITERAL_CONVERSION = YES;
				CLANG_WARN_OBJC_ROOT_CLASS = YES_ERROR;
				CLANG_WARN_RANGE_LOOP_ANALYSIS = YES;
				CLANG_WARN_STRICT_PROTOTYPES = YES;
				CLANG_WARN_SUSPICIOUS_MOVE = YES;
				CLANG_WARN_UNGUARDED_AVAILABILITY = YES_AGGRESSIVE;
				CLANG_WARN_UNREACHABLE_CODE = YES;
				CLANG_WARN__DUPLICATE_METHOD_MATCH = YES;
				CODE_SIGN_IDENTITY = "iPhone Developer";
				COPY_PHASE_STRIP = NO;
				DEBUG_INFORMATION_FORMAT = "dwarf-with-dsym";
				ENABLE_NS_ASSERTIONS = NO;
				ENABLE_STRICT_OBJC_MSGSEND = YES;
				GCC_C_LANGUAGE_STANDARD = gnu11;
				GCC_NO_COMMON_BLOCKS = YES;
				GCC_WARN_64_TO_32_BIT_CONVERSION = YES;
				GCC_WARN_ABOUT_RETURN_TYPE = YES_ERROR;
				GCC_WARN_UNDECLARED_SELECTOR = YES;
				GCC_WARN_UNINITIALIZED_AUTOS = YES_AGGRESSIVE;
				GCC_WARN_UNUSED_FUNCTION = YES;
				GCC_WARN_UNUSED_VARIABLE = YES;
				IPHONEOS_DEPLOYMENT_TARGET = 12.1;
				MTL_ENABLE_DEBUG_INFO = NO;
				MTL_FAST_MATH = YES;
				SDKROOT = iphoneos;
				SWIFT_COMPILATION_MODE = wholemodule;
				SWIFT_OPTIMIZATION_LEVEL = "-O";
				VALIDATE_PRODUCT = YES;
			};
			name = Release;
		};
		EE3C1D6D21EC36110064CE44 /* Debug */ = {
			isa = XCBuildConfiguration;
			buildSettings = {
				ASSETCATALOG_COMPILER_APPICON_NAME = AppIcon;
				CODE_SIGN_STYLE = Automatic;
				DEVELOPMENT_TEAM = 3HNBAS9RU7;
				INFOPLIST_FILE = stv_project_2.5.1/Info.plist;
				LD_RUNPATH_SEARCH_PATHS = (
					"$(inherited)",
					"@executable_path/Frameworks",
				);
				PRODUCT_BUNDLE_IDENTIFIER = "com.ayoih.stv-project-2-5-1";
				PRODUCT_NAME = "$(TARGET_NAME)";
				SWIFT_VERSION = 4.2;
				TARGETED_DEVICE_FAMILY = "1,2";
			};
			name = Debug;
		};
		EE3C1D6E21EC36110064CE44 /* Release */ = {
			isa = XCBuildConfiguration;
			buildSettings = {
				ASSETCATALOG_COMPILER_APPICON_NAME = AppIcon;
				CODE_SIGN_STYLE = Automatic;
				DEVELOPMENT_TEAM = 3HNBAS9RU7;
				INFOPLIST_FILE = stv_project_2.5.1/Info.plist;
				LD_RUNPATH_SEARCH_PATHS = (
					"$(inherited)",
					"@executable_path/Frameworks",
				);
				PRODUCT_BUNDLE_IDENTIFIER = "com.ayoih.stv-project-2-5-1";
				PRODUCT_NAME = "$(TARGET_NAME)";
				SWIFT_VERSION = 4.2;
				TARGETED_DEVICE_FAMILY = "1,2";
			};
			name = Release;
		};
/* End XCBuildConfiguration section */

/* Begin XCConfigurationList section */
		EE3C1D5521EC360D0064CE44 /* Build configuration list for PBXProject "stv_project_2.5.1" */ = {
			isa = XCConfigurationList;
			buildConfigurations = (
				EE3C1D6A21EC36110064CE44 /* Debug */,
				EE3C1D6B21EC36110064CE44 /* Release */,
			);
			defaultConfigurationIsVisible = 0;
			defaultConfigurationName = Release;
		};
		EE3C1D6C21EC36110064CE44 /* Build configuration list for PBXNativeTarget "stv_project_2.5.1" */ = {
			isa = XCConfigurationList;
			buildConfigurations = (
				EE3C1D6D21EC36110064CE44 /* Debug */,
				EE3C1D6E21EC36110064CE44 /* Release */,
			);
			defaultConfigurationIsVisible = 0;
			defaultConfigurationName = Release;
		};
/* End XCConfigurationList section */
	};
	rootObject = EE3C1D5221EC360D0064CE44 /* Project object */;
}
