// !$*UTF8*$!
{
	archiveVersion = 1;
	classes = {
	};
	objectVersion = 50;
	objects = {

/* Begin PBXBuildFile section */
		EE7C540D21D4F82B004D8388 /* .swiftlint.yml in Resources */ = {isa = PBXBuildFile; fileRef = EE7C540C21D4F82B004D8388 /* .swiftlint.yml */; };
		EEA6FC5921CFC0E700600891 /* AppDelegate.swift in Sources */ = {isa = PBXBuildFile; fileRef = EEA6FC5821CFC0E700600891 /* AppDelegate.swift */; };
		EEA6FC5B21CFC0E700600891 /* ViewController.swift in Sources */ = {isa = PBXBuildFile; fileRef = EEA6FC5A21CFC0E700600891 /* ViewController.swift */; };
		EEA6FC5E21CFC0E700600891 /* Main.storyboard in Resources */ = {isa = PBXBuildFile; fileRef = EEA6FC5C21CFC0E700600891 /* Main.storyboard */; };
		EEA6FC6021CFC0E800600891 /* Assets.xcassets in Resources */ = {isa = PBXBuildFile; fileRef = EEA6FC5F21CFC0E800600891 /* Assets.xcassets */; };
		EEA6FC6321CFC0E800600891 /* LaunchScreen.storyboard in Resources */ = {isa = PBXBuildFile; fileRef = EEA6FC6121CFC0E800600891 /* LaunchScreen.storyboard */; };
/* End PBXBuildFile section */

/* Begin PBXFileReference section */
		EE7C540C21D4F82B004D8388 /* .swiftlint.yml */ = {isa = PBXFileReference; fileEncoding = 4; lastKnownFileType = text; path = .swiftlint.yml; sourceTree = "<group>"; };
		EEA6FC5521CFC0E700600891 /* stv_project_2.1.12.app */ = {isa = PBXFileReference; explicitFileType = wrapper.application; includeInIndex = 0; path = stv_project_2.1.12.app; sourceTree = BUILT_PRODUCTS_DIR; };
		EEA6FC5821CFC0E700600891 /* AppDelegate.swift */ = {isa = PBXFileReference; lastKnownFileType = sourcecode.swift; path = AppDelegate.swift; sourceTree = "<group>"; };
		EEA6FC5A21CFC0E700600891 /* ViewController.swift */ = {isa = PBXFileReference; lastKnownFileType = sourcecode.swift; path = ViewController.swift; sourceTree = "<group>"; };
		EEA6FC5D21CFC0E700600891 /* Base */ = {isa = PBXFileReference; lastKnownFileType = file.storyboard; name = Base; path = Base.lproj/Main.storyboard; sourceTree = "<group>"; };
		EEA6FC5F21CFC0E800600891 /* Assets.xcassets */ = {isa = PBXFileReference; lastKnownFileType = folder.assetcatalog; path = Assets.xcassets; sourceTree = "<group>"; };
		EEA6FC6221CFC0E800600891 /* Base */ = {isa = PBXFileReference; lastKnownFileType = file.storyboard; name = Base; path = Base.lproj/LaunchScreen.storyboard; sourceTree = "<group>"; };
		EEA6FC6421CFC0E800600891 /* Info.plist */ = {isa = PBXFileReference; lastKnownFileType = text.plist.xml; path = Info.plist; sourceTree = "<group>"; };
/* End PBXFileReference section */

/* Begin PBXFrameworksBuildPhase section */
		EEA6FC5221CFC0E700600891 /* Frameworks */ = {
			isa = PBXFrameworksBuildPhase;
			buildActionMask = 2147483647;
			files = (
			);
			runOnlyForDeploymentPostprocessing = 0;
		};
/* End PBXFrameworksBuildPhase section */

/* Begin PBXGroup section */
		EEA6FC4C21CFC0E700600891 = {
			isa = PBXGroup;
			children = (
				EE7C540C21D4F82B004D8388 /* .swiftlint.yml */,
				EEA6FC5721CFC0E700600891 /* stv_project_2.1.12 */,
				EEA6FC5621CFC0E700600891 /* Products */,
			);
			sourceTree = "<group>";
		};
		EEA6FC5621CFC0E700600891 /* Products */ = {
			isa = PBXGroup;
			children = (
				EEA6FC5521CFC0E700600891 /* stv_project_2.1.12.app */,
			);
			name = Products;
			sourceTree = "<group>";
		};
		EEA6FC5721CFC0E700600891 /* stv_project_2.1.12 */ = {
			isa = PBXGroup;
			children = (
				EEA6FC5821CFC0E700600891 /* AppDelegate.swift */,
				EEA6FC5A21CFC0E700600891 /* ViewController.swift */,
				EEA6FC5C21CFC0E700600891 /* Main.storyboard */,
				EEA6FC5F21CFC0E800600891 /* Assets.xcassets */,
				EEA6FC6121CFC0E800600891 /* LaunchScreen.storyboard */,
				EEA6FC6421CFC0E800600891 /* Info.plist */,
			);
			path = stv_project_2.1.12;
			sourceTree = "<group>";
		};
/* End PBXGroup section */

/* Begin PBXNativeTarget section */
		EEA6FC5421CFC0E700600891 /* stv_project_2.1.12 */ = {
			isa = PBXNativeTarget;
			buildConfigurationList = EEA6FC6721CFC0E800600891 /* Build configuration list for PBXNativeTarget "stv_project_2.1.12" */;
			buildPhases = (
				EEA6FC5121CFC0E700600891 /* Sources */,
				EEA6FC5221CFC0E700600891 /* Frameworks */,
				EEA6FC5321CFC0E700600891 /* Resources */,
				EE7C540E21D4F84D004D8388 /* ShellScript */,
			);
			buildRules = (
			);
			dependencies = (
			);
			name = stv_project_2.1.12;
			productName = stv_project_2.1.12;
			productReference = EEA6FC5521CFC0E700600891 /* stv_project_2.1.12.app */;
			productType = "com.apple.product-type.application";
		};
/* End PBXNativeTarget section */

/* Begin PBXProject section */
		EEA6FC4D21CFC0E700600891 /* Project object */ = {
			isa = PBXProject;
			attributes = {
				LastSwiftUpdateCheck = 1010;
				LastUpgradeCheck = 1010;
				ORGANIZATIONNAME = hiroya;
				TargetAttributes = {
					EEA6FC5421CFC0E700600891 = {
						CreatedOnToolsVersion = 10.1;
					};
				};
			};
			buildConfigurationList = EEA6FC5021CFC0E700600891 /* Build configuration list for PBXProject "stv_project_2.1.12" */;
			compatibilityVersion = "Xcode 9.3";
			developmentRegion = en;
			hasScannedForEncodings = 0;
			knownRegions = (
				en,
				Base,
			);
			mainGroup = EEA6FC4C21CFC0E700600891;
			productRefGroup = EEA6FC5621CFC0E700600891 /* Products */;
			projectDirPath = "";
			projectRoot = "";
			targets = (
				EEA6FC5421CFC0E700600891 /* stv_project_2.1.12 */,
			);
		};
/* End PBXProject section */

/* Begin PBXResourcesBuildPhase section */
		EEA6FC5321CFC0E700600891 /* Resources */ = {
			isa = PBXResourcesBuildPhase;
			buildActionMask = 2147483647;
			files = (
				EE7C540D21D4F82B004D8388 /* .swiftlint.yml in Resources */,
				EEA6FC6321CFC0E800600891 /* LaunchScreen.storyboard in Resources */,
				EEA6FC6021CFC0E800600891 /* Assets.xcassets in Resources */,
				EEA6FC5E21CFC0E700600891 /* Main.storyboard in Resources */,
			);
			runOnlyForDeploymentPostprocessing = 0;
		};
/* End PBXResourcesBuildPhase section */

/* Begin PBXShellScriptBuildPhase section */
		EE7C540E21D4F84D004D8388 /* ShellScript */ = {
			isa = PBXShellScriptBuildPhase;
			buildActionMask = 2147483647;
			files = (
			);
			inputFileListPaths = (
			);
			inputPaths = (
			);
			outputFileListPaths = (
			);
			outputPaths = (
			);
			runOnlyForDeploymentPostprocessing = 0;
			shellPath = /bin/sh;
			shellScript = "if which swiftlint >/dev/null; then\nswiftlint\nelse\necho \"SwiftLint does not exist, download from https://github.com/realm/SwiftLint\"\nfi\n";
		};
/* End PBXShellScriptBuildPhase section */

/* Begin PBXSourcesBuildPhase section */
		EEA6FC5121CFC0E700600891 /* Sources */ = {
			isa = PBXSourcesBuildPhase;
			buildActionMask = 2147483647;
			files = (
				EEA6FC5B21CFC0E700600891 /* ViewController.swift in Sources */,
				EEA6FC5921CFC0E700600891 /* AppDelegate.swift in Sources */,
			);
			runOnlyForDeploymentPostprocessing = 0;
		};
/* End PBXSourcesBuildPhase section */

/* Begin PBXVariantGroup section */
		EEA6FC5C21CFC0E700600891 /* Main.storyboard */ = {
			isa = PBXVariantGroup;
			children = (
				EEA6FC5D21CFC0E700600891 /* Base */,
			);
			name = Main.storyboard;
			sourceTree = "<group>";
		};
		EEA6FC6121CFC0E800600891 /* LaunchScreen.storyboard */ = {
			isa = PBXVariantGroup;
			children = (
				EEA6FC6221CFC0E800600891 /* Base */,
			);
			name = LaunchScreen.storyboard;
			sourceTree = "<group>";
		};
/* End PBXVariantGroup section */

/* Begin XCBuildConfiguration section */
		EEA6FC6521CFC0E800600891 /* Debug */ = {
			isa = XCBuildConfiguration;
			buildSettings = {
				ALWAYS_SEARCH_USER_PATHS = NO;
				CLANG_ANALYZER_NONNULL = YES;
				CLANG_ANALYZER_NUMBER_OBJECT_CONVERSION = YES_AGGRESSIVE;
				CLANG_CXX_LANGUAGE_STANDARD = "gnu++14";
				CLANG_CXX_LIBRARY = "libc++";
				CLANG_ENABLE_MODULES = YES;
				CLANG_ENABLE_OBJC_ARC = YES;
				CLANG_ENABLE_OBJC_WEAK = YES;
				CLANG_WARN_BLOCK_CAPTURE_AUTORELEASING = YES;
				CLANG_WARN_BOOL_CONVERSION = YES;
				CLANG_WARN_COMMA = YES;
				CLANG_WARN_CONSTANT_CONVERSION = YES;
				CLANG_WARN_DEPRECATED_OBJC_IMPLEMENTATIONS = YES;
				CLANG_WARN_DIRECT_OBJC_ISA_USAGE = YES_ERROR;
				CLANG_WARN_DOCUMENTATION_COMMENTS = YES;
				CLANG_WARN_EMPTY_BODY = YES;
				CLANG_WARN_ENUM_CONVERSION = YES;
				CLANG_WARN_INFINITE_RECURSION = YES;
				CLANG_WARN_INT_CONVERSION = YES;
				CLANG_WARN_NON_LITERAL_NULL_CONVERSION = YES;
				CLANG_WARN_OBJC_IMPLICIT_RETAIN_SELF = YES;
				CLANG_WARN_OBJC_LITERAL_CONVERSION = YES;
				CLANG_WARN_OBJC_ROOT_CLASS = YES_ERROR;
				CLANG_WARN_RANGE_LOOP_ANALYSIS = YES;
				CLANG_WARN_STRICT_PROTOTYPES = YES;
				CLANG_WARN_SUSPICIOUS_MOVE = YES;
				CLANG_WARN_UNGUARDED_AVAILABILITY = YES_AGGRESSIVE;
				CLANG_WARN_UNREACHABLE_CODE = YES;
				CLANG_WARN__DUPLICATE_METHOD_MATCH = YES;
				CODE_SIGN_IDENTITY = "iPhone Developer";
				COPY_PHASE_STRIP = NO;
				DEBUG_INFORMATION_FORMAT = dwarf;
				ENABLE_STRICT_OBJC_MSGSEND = YES;
				ENABLE_TESTABILITY = YES;
				GCC_C_LANGUAGE_STANDARD = gnu11;
				GCC_DYNAMIC_NO_PIC = NO;
				GCC_NO_COMMON_BLOCKS = YES;
				GCC_OPTIMIZATION_LEVEL = 0;
				GCC_PREPROCESSOR_DEFINITIONS = (
					"DEBUG=1",
					"$(inherited)",
				);
				GCC_WARN_64_TO_32_BIT_CONVERSION = YES;
				GCC_WARN_ABOUT_RETURN_TYPE = YES_ERROR;
				GCC_WARN_UNDECLARED_SELECTOR = YES;
				GCC_WARN_UNINITIALIZED_AUTOS = YES_AGGRESSIVE;
				GCC_WARN_UNUSED_FUNCTION = YES;
				GCC_WARN_UNUSED_VARIABLE = YES;
				IPHONEOS_DEPLOYMENT_TARGET = 12.1;
				MTL_ENABLE_DEBUG_INFO = INCLUDE_SOURCE;
				MTL_FAST_MATH = YES;
				ONLY_ACTIVE_ARCH = YES;
				SDKROOT = iphoneos;
				SWIFT_ACTIVE_COMPILATION_CONDITIONS = DEBUG;
				SWIFT_OPTIMIZATION_LEVEL = "-Onone";
			};
			name = Debug;
		};
		EEA6FC6621CFC0E800600891 /* Release */ = {
			isa = XCBuildConfiguration;
			buildSettings = {
				ALWAYS_SEARCH_USER_PATHS = NO;
				CLANG_ANALYZER_NONNULL = YES;
				CLANG_ANALYZER_NUMBER_OBJECT_CONVERSION = YES_AGGRESSIVE;
				CLANG_CXX_LANGUAGE_STANDARD = "gnu++14";
				CLANG_CXX_LIBRARY = "libc++";
				CLANG_ENABLE_MODULES = YES;
				CLANG_ENABLE_OBJC_ARC = YES;
				CLANG_ENABLE_OBJC_WEAK = YES;
				CLANG_WARN_BLOCK_CAPTURE_AUTORELEASING = YES;
				CLANG_WARN_BOOL_CONVERSION = YES;
				CLANG_WARN_COMMA = YES;
				CLANG_WARN_CONSTANT_CONVERSION = YES;
				CLANG_WARN_DEPRECATED_OBJC_IMPLEMENTATIONS = YES;
				CLANG_WARN_DIRECT_OBJC_ISA_USAGE = YES_ERROR;
				CLANG_WARN_DOCUMENTATION_COMMENTS = YES;
				CLANG_WARN_EMPTY_BODY = YES;
				CLANG_WARN_ENUM_CONVERSION = YES;
				CLANG_WARN_INFINITE_RECURSION = YES;
				CLANG_WARN_INT_CONVERSION = YES;
				CLANG_WARN_NON_LITERAL_NULL_CONVERSION = YES;
				CLANG_WARN_OBJC_IMPLICIT_RETAIN_SELF = YES;
				CLANG_WARN_OBJC_LITERAL_CONVERSION = YES;
				CLANG_WARN_OBJC_ROOT_CLASS = YES_ERROR;
				CLANG_WARN_RANGE_LOOP_ANALYSIS = YES;
				CLANG_WARN_STRICT_PROTOTYPES = YES;
				CLANG_WARN_SUSPICIOUS_MOVE = YES;
				CLANG_WARN_UNGUARDED_AVAILABILITY = YES_AGGRESSIVE;
				CLANG_WARN_UNREACHABLE_CODE = YES;
				CLANG_WARN__DUPLICATE_METHOD_MATCH = YES;
				CODE_SIGN_IDENTITY = "iPhone Developer";
				COPY_PHASE_STRIP = NO;
				DEBUG_INFORMATION_FORMAT = "dwarf-with-dsym";
				ENABLE_NS_ASSERTIONS = NO;
				ENABLE_STRICT_OBJC_MSGSEND = YES;
				GCC_C_LANGUAGE_STANDARD = gnu11;
				GCC_NO_COMMON_BLOCKS = YES;
				GCC_WARN_64_TO_32_BIT_CONVERSION = YES;
				GCC_WARN_ABOUT_RETURN_TYPE = YES_ERROR;
				GCC_WARN_UNDECLARED_SELECTOR = YES;
				GCC_WARN_UNINITIALIZED_AUTOS = YES_AGGRESSIVE;
				GCC_WARN_UNUSED_FUNCTION = YES;
				GCC_WARN_UNUSED_VARIABLE = YES;
				IPHONEOS_DEPLOYMENT_TARGET = 12.1;
				MTL_ENABLE_DEBUG_INFO = NO;
				MTL_FAST_MATH = YES;
				SDKROOT = iphoneos;
				SWIFT_COMPILATION_MODE = wholemodule;
				SWIFT_OPTIMIZATION_LEVEL = "-O";
				VALIDATE_PRODUCT = YES;
			};
			name = Release;
		};
		EEA6FC6821CFC0E800600891 /* Debug */ = {
			isa = XCBuildConfiguration;
			buildSettings = {
				ASSETCATALOG_COMPILER_APPICON_NAME = AppIcon;
				CODE_SIGN_STYLE = Automatic;
				DEVELOPMENT_TEAM = 3HNBAS9RU7;
				INFOPLIST_FILE = stv_project_2.1.12/Info.plist;
				LD_RUNPATH_SEARCH_PATHS = (
					"$(inherited)",
					"@executable_path/Frameworks",
				);
				PRODUCT_BUNDLE_IDENTIFIER = "com.ayoih.stv-project-2-1-12";
				PRODUCT_NAME = "$(TARGET_NAME)";
				SWIFT_VERSION = 4.2;
				TARGETED_DEVICE_FAMILY = "1,2";
			};
			name = Debug;
		};
		EEA6FC6921CFC0E800600891 /* Release */ = {
			isa = XCBuildConfiguration;
			buildSettings = {
				ASSETCATALOG_COMPILER_APPICON_NAME = AppIcon;
				CODE_SIGN_STYLE = Automatic;
				DEVELOPMENT_TEAM = 3HNBAS9RU7;
				INFOPLIST_FILE = stv_project_2.1.12/Info.plist;
				LD_RUNPATH_SEARCH_PATHS = (
					"$(inherited)",
					"@executable_path/Frameworks",
				);
				PRODUCT_BUNDLE_IDENTIFIER = "com.ayoih.stv-project-2-1-12";
				PRODUCT_NAME = "$(TARGET_NAME)";
				SWIFT_VERSION = 4.2;
				TARGETED_DEVICE_FAMILY = "1,2";
			};
			name = Release;
		};
/* End XCBuildConfiguration section */

/* Begin XCConfigurationList section */
		EEA6FC5021CFC0E700600891 /* Build configuration list for PBXProject "stv_project_2.1.12" */ = {
			isa = XCConfigurationList;
			buildConfigurations = (
				EEA6FC6521CFC0E800600891 /* Debug */,
				EEA6FC6621CFC0E800600891 /* Release */,
			);
			defaultConfigurationIsVisible = 0;
			defaultConfigurationName = Release;
		};
		EEA6FC6721CFC0E800600891 /* Build configuration list for PBXNativeTarget "stv_project_2.1.12" */ = {
			isa = XCConfigurationList;
			buildConfigurations = (
				EEA6FC6821CFC0E800600891 /* Debug */,
				EEA6FC6921CFC0E800600891 /* Release */,
			);
			defaultConfigurationIsVisible = 0;
			defaultConfigurationName = Release;
		};
/* End XCConfigurationList section */
	};
	rootObject = EEA6FC4D21CFC0E700600891 /* Project object */;
}
